// !$*UTF8*$!
{
	archiveVersion = 1;
	classes = {
	};
	objectVersion = 56;
	objects = {

/* Begin PBXBuildFile section */
		BE1656342A93AFC1003CBE8C /* Assets.xcassets in Resources */ = {isa = PBXBuildFile; fileRef = BE1656332A93AFC1003CBE8C /* Assets.xcassets */; };
		BE1656372A93AFC1003CBE8C /* Preview Assets.xcassets in Resources */ = {isa = PBXBuildFile; fileRef = BE1656362A93AFC1003CBE8C /* Preview Assets.xcassets */; };
		BE1656412A93AFC2003CBE8C /* apptaTests.swift in Sources */ = {isa = PBXBuildFile; fileRef = BE1656402A93AFC2003CBE8C /* apptaTests.swift */; };
		BE16564B2A93AFC2003CBE8C /* apptaUITests.swift in Sources */ = {isa = PBXBuildFile; fileRef = BE16564A2A93AFC2003CBE8C /* apptaUITests.swift */; };
		BE16564D2A93AFC2003CBE8C /* apptaUITestsLaunchTests.swift in Sources */ = {isa = PBXBuildFile; fileRef = BE16564C2A93AFC2003CBE8C /* apptaUITestsLaunchTests.swift */; };
		BE2F30582A93D89D009E72DC /* ContentView.swift in Sources */ = {isa = PBXBuildFile; fileRef = BE2F30572A93D89D009E72DC /* ContentView.swift */; };
		BE2F305A2A93D926009E72DC /* CustomTabBar.swift in Sources */ = {isa = PBXBuildFile; fileRef = BE2F30592A93D926009E72DC /* CustomTabBar.swift */; };
		BE2F305C2A93D9C6009E72DC /* appta.swift in Sources */ = {isa = PBXBuildFile; fileRef = BE2F305B2A93D9C6009E72DC /* appta.swift */; };
		BE9BBC162A9407F300B0C05D /* ModelData.swift in Sources */ = {isa = PBXBuildFile; fileRef = BE9BBC152A9407F300B0C05D /* ModelData.swift */; };
		BE9BBC182A94080400B0C05D /* CoffeeShop.swift in Sources */ = {isa = PBXBuildFile; fileRef = BE9BBC172A94080400B0C05D /* CoffeeShop.swift */; };
		BED02CEF2A940B48007DEE6D /* coffeeshops.json in Resources */ = {isa = PBXBuildFile; fileRef = BED02CEE2A940B48007DEE6D /* coffeeshops.json */; };
		BED02CF72A94168B007DEE6D /* CategoryItem.swift in Sources */ = {isa = PBXBuildFile; fileRef = BED02CF62A94168B007DEE6D /* CategoryItem.swift */; };
		BED02CF92A9416DA007DEE6D /* CategoryRow.swift in Sources */ = {isa = PBXBuildFile; fileRef = BED02CF82A9416DA007DEE6D /* CategoryRow.swift */; };
/* End PBXBuildFile section */

/* Begin PBXContainerItemProxy section */
		BE16563D2A93AFC2003CBE8C /* PBXContainerItemProxy */ = {
			isa = PBXContainerItemProxy;
			containerPortal = BE1656242A93AFC1003CBE8C /* Project object */;
			proxyType = 1;
			remoteGlobalIDString = BE16562B2A93AFC1003CBE8C;
			remoteInfo = appta;
		};
		BE1656472A93AFC2003CBE8C /* PBXContainerItemProxy */ = {
			isa = PBXContainerItemProxy;
			containerPortal = BE1656242A93AFC1003CBE8C /* Project object */;
			proxyType = 1;
			remoteGlobalIDString = BE16562B2A93AFC1003CBE8C;
			remoteInfo = appta;
		};
/* End PBXContainerItemProxy section */

/* Begin PBXFileReference section */
		BE16562C2A93AFC1003CBE8C /* appta.app */ = {isa = PBXFileReference; explicitFileType = wrapper.application; includeInIndex = 0; path = appta.app; sourceTree = BUILT_PRODUCTS_DIR; };
		BE1656332A93AFC1003CBE8C /* Assets.xcassets */ = {isa = PBXFileReference; lastKnownFileType = folder.assetcatalog; path = Assets.xcassets; sourceTree = "<group>"; };
		BE1656362A93AFC1003CBE8C /* Preview Assets.xcassets */ = {isa = PBXFileReference; lastKnownFileType = folder.assetcatalog; path = "Preview Assets.xcassets"; sourceTree = "<group>"; };
		BE16563C2A93AFC2003CBE8C /* apptaTests.xctest */ = {isa = PBXFileReference; explicitFileType = wrapper.cfbundle; includeInIndex = 0; path = apptaTests.xctest; sourceTree = BUILT_PRODUCTS_DIR; };
		BE1656402A93AFC2003CBE8C /* apptaTests.swift */ = {isa = PBXFileReference; lastKnownFileType = sourcecode.swift; path = apptaTests.swift; sourceTree = "<group>"; };
		BE1656462A93AFC2003CBE8C /* apptaUITests.xctest */ = {isa = PBXFileReference; explicitFileType = wrapper.cfbundle; includeInIndex = 0; path = apptaUITests.xctest; sourceTree = BUILT_PRODUCTS_DIR; };
		BE16564A2A93AFC2003CBE8C /* apptaUITests.swift */ = {isa = PBXFileReference; lastKnownFileType = sourcecode.swift; path = apptaUITests.swift; sourceTree = "<group>"; };
		BE16564C2A93AFC2003CBE8C /* apptaUITestsLaunchTests.swift */ = {isa = PBXFileReference; lastKnownFileType = sourcecode.swift; path = apptaUITestsLaunchTests.swift; sourceTree = "<group>"; };
		BE2F30572A93D89D009E72DC /* ContentView.swift */ = {isa = PBXFileReference; lastKnownFileType = sourcecode.swift; path = ContentView.swift; sourceTree = "<group>"; };
		BE2F30592A93D926009E72DC /* CustomTabBar.swift */ = {isa = PBXFileReference; lastKnownFileType = sourcecode.swift; path = CustomTabBar.swift; sourceTree = "<group>"; };
		BE2F305B2A93D9C6009E72DC /* appta.swift */ = {isa = PBXFileReference; lastKnownFileType = sourcecode.swift; path = appta.swift; sourceTree = "<group>"; };
		BE9BBC152A9407F300B0C05D /* ModelData.swift */ = {isa = PBXFileReference; lastKnownFileType = sourcecode.swift; path = ModelData.swift; sourceTree = "<group>"; };
		BE9BBC172A94080400B0C05D /* CoffeeShop.swift */ = {isa = PBXFileReference; lastKnownFileType = sourcecode.swift; path = CoffeeShop.swift; sourceTree = "<group>"; };
		BED02CEE2A940B48007DEE6D /* coffeeshops.json */ = {isa = PBXFileReference; lastKnownFileType = text.json; path = coffeeshops.json; sourceTree = "<group>"; };
		BED02CF62A94168B007DEE6D /* CategoryItem.swift */ = {isa = PBXFileReference; lastKnownFileType = sourcecode.swift; path = CategoryItem.swift; sourceTree = "<group>"; };
		BED02CF82A9416DA007DEE6D /* CategoryRow.swift */ = {isa = PBXFileReference; lastKnownFileType = sourcecode.swift; path = CategoryRow.swift; sourceTree = "<group>"; };
/* End PBXFileReference section */

/* Begin PBXFrameworksBuildPhase section */
		BE1656292A93AFC1003CBE8C /* Frameworks */ = {
			isa = PBXFrameworksBuildPhase;
			buildActionMask = 2147483647;
			files = (
			);
			runOnlyForDeploymentPostprocessing = 0;
		};
		BE1656392A93AFC2003CBE8C /* Frameworks */ = {
			isa = PBXFrameworksBuildPhase;
			buildActionMask = 2147483647;
			files = (
			);
			runOnlyForDeploymentPostprocessing = 0;
		};
		BE1656432A93AFC2003CBE8C /* Frameworks */ = {
			isa = PBXFrameworksBuildPhase;
			buildActionMask = 2147483647;
			files = (
			);
			runOnlyForDeploymentPostprocessing = 0;
		};
/* End PBXFrameworksBuildPhase section */

/* Begin PBXGroup section */
		BE1656232A93AFC1003CBE8C = {
			isa = PBXGroup;
			children = (
				BE16562E2A93AFC1003CBE8C /* appta */,
				BE16563F2A93AFC2003CBE8C /* apptaTests */,
				BE1656492A93AFC2003CBE8C /* apptaUITests */,
				BE16562D2A93AFC1003CBE8C /* Products */,
			);
			sourceTree = "<group>";
		};
		BE16562D2A93AFC1003CBE8C /* Products */ = {
			isa = PBXGroup;
			children = (
				BE16562C2A93AFC1003CBE8C /* appta.app */,
				BE16563C2A93AFC2003CBE8C /* apptaTests.xctest */,
				BE1656462A93AFC2003CBE8C /* apptaUITests.xctest */,
			);
			name = Products;
			sourceTree = "<group>";
		};
		BE16562E2A93AFC1003CBE8C /* appta */ = {
			isa = PBXGroup;
			children = (
				BE2F305B2A93D9C6009E72DC /* appta.swift */,
				BE2F30572A93D89D009E72DC /* ContentView.swift */,
				BE2F30592A93D926009E72DC /* CustomTabBar.swift */,
				BED02CF82A9416DA007DEE6D /* CategoryRow.swift */,
				BED02CF62A94168B007DEE6D /* CategoryItem.swift */,
				BE9BBC192A940A7E00B0C05D /* resources */,
				BE9BBC142A9407E100B0C05D /* model */,
				BE1656332A93AFC1003CBE8C /* Assets.xcassets */,
				BE1656352A93AFC1003CBE8C /* Preview Content */,
			);
			path = appta;
			sourceTree = "<group>";
		};
		BE1656352A93AFC1003CBE8C /* Preview Content */ = {
			isa = PBXGroup;
			children = (
				BE1656362A93AFC1003CBE8C /* Preview Assets.xcassets */,
			);
			path = "Preview Content";
			sourceTree = "<group>";
		};
		BE16563F2A93AFC2003CBE8C /* apptaTests */ = {
			isa = PBXGroup;
			children = (
				BE1656402A93AFC2003CBE8C /* apptaTests.swift */,
			);
			path = apptaTests;
			sourceTree = "<group>";
		};
		BE1656492A93AFC2003CBE8C /* apptaUITests */ = {
			isa = PBXGroup;
			children = (
				BE16564A2A93AFC2003CBE8C /* apptaUITests.swift */,
				BE16564C2A93AFC2003CBE8C /* apptaUITestsLaunchTests.swift */,
			);
			path = apptaUITests;
			sourceTree = "<group>";
		};
		BE9BBC142A9407E100B0C05D /* model */ = {
			isa = PBXGroup;
			children = (
				BE9BBC152A9407F300B0C05D /* ModelData.swift */,
				BE9BBC172A94080400B0C05D /* CoffeeShop.swift */,
			);
			path = model;
			sourceTree = "<group>";
		};
		BE9BBC192A940A7E00B0C05D /* resources */ = {
			isa = PBXGroup;
			children = (
				BED02CEE2A940B48007DEE6D /* coffeeshops.json */,
			);
			path = resources;
			sourceTree = "<group>";
		};
/* End PBXGroup section */

/* Begin PBXNativeTarget section */
		BE16562B2A93AFC1003CBE8C /* appta */ = {
			isa = PBXNativeTarget;
			buildConfigurationList = BE1656502A93AFC2003CBE8C /* Build configuration list for PBXNativeTarget "appta" */;
			buildPhases = (
				BE1656282A93AFC1003CBE8C /* Sources */,
				BE1656292A93AFC1003CBE8C /* Frameworks */,
				BE16562A2A93AFC1003CBE8C /* Resources */,
			);
			buildRules = (
			);
			dependencies = (
			);
			name = appta;
			productName = appta;
			productReference = BE16562C2A93AFC1003CBE8C /* appta.app */;
			productType = "com.apple.product-type.application";
		};
		BE16563B2A93AFC2003CBE8C /* apptaTests */ = {
			isa = PBXNativeTarget;
			buildConfigurationList = BE1656532A93AFC2003CBE8C /* Build configuration list for PBXNativeTarget "apptaTests" */;
			buildPhases = (
				BE1656382A93AFC2003CBE8C /* Sources */,
				BE1656392A93AFC2003CBE8C /* Frameworks */,
				BE16563A2A93AFC2003CBE8C /* Resources */,
			);
			buildRules = (
			);
			dependencies = (
				BE16563E2A93AFC2003CBE8C /* PBXTargetDependency */,
			);
			name = apptaTests;
			productName = apptaTests;
			productReference = BE16563C2A93AFC2003CBE8C /* apptaTests.xctest */;
			productType = "com.apple.product-type.bundle.unit-test";
		};
		BE1656452A93AFC2003CBE8C /* apptaUITests */ = {
			isa = PBXNativeTarget;
			buildConfigurationList = BE1656562A93AFC2003CBE8C /* Build configuration list for PBXNativeTarget "apptaUITests" */;
			buildPhases = (
				BE1656422A93AFC2003CBE8C /* Sources */,
				BE1656432A93AFC2003CBE8C /* Frameworks */,
				BE1656442A93AFC2003CBE8C /* Resources */,
			);
			buildRules = (
			);
			dependencies = (
				BE1656482A93AFC2003CBE8C /* PBXTargetDependency */,
			);
			name = apptaUITests;
			productName = apptaUITests;
			productReference = BE1656462A93AFC2003CBE8C /* apptaUITests.xctest */;
			productType = "com.apple.product-type.bundle.ui-testing";
		};
/* End PBXNativeTarget section */

/* Begin PBXProject section */
		BE1656242A93AFC1003CBE8C /* Project object */ = {
			isa = PBXProject;
			attributes = {
				BuildIndependentTargetsInParallel = 1;
				LastSwiftUpdateCheck = 1430;
				LastUpgradeCheck = 1430;
				TargetAttributes = {
					BE16562B2A93AFC1003CBE8C = {
						CreatedOnToolsVersion = 14.3.1;
					};
					BE16563B2A93AFC2003CBE8C = {
						CreatedOnToolsVersion = 14.3.1;
						TestTargetID = BE16562B2A93AFC1003CBE8C;
					};
					BE1656452A93AFC2003CBE8C = {
						CreatedOnToolsVersion = 14.3.1;
						TestTargetID = BE16562B2A93AFC1003CBE8C;
					};
				};
			};
			buildConfigurationList = BE1656272A93AFC1003CBE8C /* Build configuration list for PBXProject "appta" */;
			compatibilityVersion = "Xcode 14.0";
			developmentRegion = en;
			hasScannedForEncodings = 0;
			knownRegions = (
				en,
				Base,
			);
			mainGroup = BE1656232A93AFC1003CBE8C;
			productRefGroup = BE16562D2A93AFC1003CBE8C /* Products */;
			projectDirPath = "";
			projectRoot = "";
			targets = (
				BE16562B2A93AFC1003CBE8C /* appta */,
				BE16563B2A93AFC2003CBE8C /* apptaTests */,
				BE1656452A93AFC2003CBE8C /* apptaUITests */,
			);
		};
/* End PBXProject section */

/* Begin PBXResourcesBuildPhase section */
		BE16562A2A93AFC1003CBE8C /* Resources */ = {
			isa = PBXResourcesBuildPhase;
			buildActionMask = 2147483647;
			files = (
				BED02CEF2A940B48007DEE6D /* coffeeshops.json in Resources */,
				BE1656372A93AFC1003CBE8C /* Preview Assets.xcassets in Resources */,
				BE1656342A93AFC1003CBE8C /* Assets.xcassets in Resources */,
			);
			runOnlyForDeploymentPostprocessing = 0;
		};
		BE16563A2A93AFC2003CBE8C /* Resources */ = {
			isa = PBXResourcesBuildPhase;
			buildActionMask = 2147483647;
			files = (
			);
			runOnlyForDeploymentPostprocessing = 0;
		};
		BE1656442A93AFC2003CBE8C /* Resources */ = {
			isa = PBXResourcesBuildPhase;
			buildActionMask = 2147483647;
			files = (
			);
			runOnlyForDeploymentPostprocessing = 0;
		};
/* End PBXResourcesBuildPhase section */

/* Begin PBXSourcesBuildPhase section */
		BE1656282A93AFC1003CBE8C /* Sources */ = {
			isa = PBXSourcesBuildPhase;
			buildActionMask = 2147483647;
			files = (
				BE2F305C2A93D9C6009E72DC /* appta.swift in Sources */,
				BED02CF72A94168B007DEE6D /* CategoryItem.swift in Sources */,
				BE9BBC162A9407F300B0C05D /* ModelData.swift in Sources */,
				BE9BBC182A94080400B0C05D /* CoffeeShop.swift in Sources */,
				BE2F30582A93D89D009E72DC /* ContentView.swift in Sources */,
				BED02CF92A9416DA007DEE6D /* CategoryRow.swift in Sources */,
				BE2F305A2A93D926009E72DC /* CustomTabBar.swift in Sources */,
			);
			runOnlyForDeploymentPostprocessing = 0;
		};
		BE1656382A93AFC2003CBE8C /* Sources */ = {
			isa = PBXSourcesBuildPhase;
			buildActionMask = 2147483647;
			files = (
				BE1656412A93AFC2003CBE8C /* apptaTests.swift in Sources */,
			);
			runOnlyForDeploymentPostprocessing = 0;
		};
		BE1656422A93AFC2003CBE8C /* Sources */ = {
			isa = PBXSourcesBuildPhase;
			buildActionMask = 2147483647;
			files = (
				BE16564B2A93AFC2003CBE8C /* apptaUITests.swift in Sources */,
				BE16564D2A93AFC2003CBE8C /* apptaUITestsLaunchTests.swift in Sources */,
			);
			runOnlyForDeploymentPostprocessing = 0;
		};
/* End PBXSourcesBuildPhase section */

/* Begin PBXTargetDependency section */
		BE16563E2A93AFC2003CBE8C /* PBXTargetDependency */ = {
			isa = PBXTargetDependency;
			target = BE16562B2A93AFC1003CBE8C /* appta */;
			targetProxy = BE16563D2A93AFC2003CBE8C /* PBXContainerItemProxy */;
		};
		BE1656482A93AFC2003CBE8C /* PBXTargetDependency */ = {
			isa = PBXTargetDependency;
			target = BE16562B2A93AFC1003CBE8C /* appta */;
			targetProxy = BE1656472A93AFC2003CBE8C /* PBXContainerItemProxy */;
		};
/* End PBXTargetDependency section */

/* Begin XCBuildConfiguration section */
		BE16564E2A93AFC2003CBE8C /* Debug */ = {
			isa = XCBuildConfiguration;
			buildSettings = {
				ALWAYS_SEARCH_USER_PATHS = NO;
				CLANG_ANALYZER_NONNULL = YES;
				CLANG_ANALYZER_NUMBER_OBJECT_CONVERSION = YES_AGGRESSIVE;
				CLANG_CXX_LANGUAGE_STANDARD = "gnu++20";
				CLANG_ENABLE_MODULES = YES;
				CLANG_ENABLE_OBJC_ARC = YES;
				CLANG_ENABLE_OBJC_WEAK = YES;
				CLANG_WARN_BLOCK_CAPTURE_AUTORELEASING = YES;
				CLANG_WARN_BOOL_CONVERSION = YES;
				CLANG_WARN_COMMA = YES;
				CLANG_WARN_CONSTANT_CONVERSION = YES;
				CLANG_WARN_DEPRECATED_OBJC_IMPLEMENTATIONS = YES;
				CLANG_WARN_DIRECT_OBJC_ISA_USAGE = YES_ERROR;
				CLANG_WARN_DOCUMENTATION_COMMENTS = YES;
				CLANG_WARN_EMPTY_BODY = YES;
				CLANG_WARN_ENUM_CONVERSION = YES;
				CLANG_WARN_INFINITE_RECURSION = YES;
				CLANG_WARN_INT_CONVERSION = YES;
				CLANG_WARN_NON_LITERAL_NULL_CONVERSION = YES;
				CLANG_WARN_OBJC_IMPLICIT_RETAIN_SELF = YES;
				CLANG_WARN_OBJC_LITERAL_CONVERSION = YES;
				CLANG_WARN_OBJC_ROOT_CLASS = YES_ERROR;
				CLANG_WARN_QUOTED_INCLUDE_IN_FRAMEWORK_HEADER = YES;
				CLANG_WARN_RANGE_LOOP_ANALYSIS = YES;
				CLANG_WARN_STRICT_PROTOTYPES = YES;
				CLANG_WARN_SUSPICIOUS_MOVE = YES;
				CLANG_WARN_UNGUARDED_AVAILABILITY = YES_AGGRESSIVE;
				CLANG_WARN_UNREACHABLE_CODE = YES;
				CLANG_WARN__DUPLICATE_METHOD_MATCH = YES;
				COPY_PHASE_STRIP = NO;
				DEBUG_INFORMATION_FORMAT = dwarf;
				ENABLE_STRICT_OBJC_MSGSEND = YES;
				ENABLE_TESTABILITY = YES;
				GCC_C_LANGUAGE_STANDARD = gnu11;
				GCC_DYNAMIC_NO_PIC = NO;
				GCC_NO_COMMON_BLOCKS = YES;
				GCC_OPTIMIZATION_LEVEL = 0;
				GCC_PREPROCESSOR_DEFINITIONS = (
					"DEBUG=1",
					"$(inherited)",
				);
				GCC_WARN_64_TO_32_BIT_CONVERSION = YES;
				GCC_WARN_ABOUT_RETURN_TYPE = YES_ERROR;
				GCC_WARN_UNDECLARED_SELECTOR = YES;
				GCC_WARN_UNINITIALIZED_AUTOS = YES_AGGRESSIVE;
				GCC_WARN_UNUSED_FUNCTION = YES;
				GCC_WARN_UNUSED_VARIABLE = YES;
				IPHONEOS_DEPLOYMENT_TARGET = 16.4;
				MTL_ENABLE_DEBUG_INFO = INCLUDE_SOURCE;
				MTL_FAST_MATH = YES;
				ONLY_ACTIVE_ARCH = YES;
				SDKROOT = iphoneos;
				SWIFT_ACTIVE_COMPILATION_CONDITIONS = DEBUG;
				SWIFT_OPTIMIZATION_LEVEL = "-Onone";
			};
			name = Debug;
		};
		BE16564F2A93AFC2003CBE8C /* Release */ = {
			isa = XCBuildConfiguration;
			buildSettings = {
				ALWAYS_SEARCH_USER_PATHS = NO;
				CLANG_ANALYZER_NONNULL = YES;
				CLANG_ANALYZER_NUMBER_OBJECT_CONVERSION = YES_AGGRESSIVE;
				CLANG_CXX_LANGUAGE_STANDARD = "gnu++20";
				CLANG_ENABLE_MODULES = YES;
				CLANG_ENABLE_OBJC_ARC = YES;
				CLANG_ENABLE_OBJC_WEAK = YES;
				CLANG_WARN_BLOCK_CAPTURE_AUTORELEASING = YES;
				CLANG_WARN_BOOL_CONVERSION = YES;
				CLANG_WARN_COMMA = YES;
				CLANG_WARN_CONSTANT_CONVERSION = YES;
				CLANG_WARN_DEPRECATED_OBJC_IMPLEMENTATIONS = YES;
				CLANG_WARN_DIRECT_OBJC_ISA_USAGE = YES_ERROR;
				CLANG_WARN_DOCUMENTATION_COMMENTS = YES;
				CLANG_WARN_EMPTY_BODY = YES;
				CLANG_WARN_ENUM_CONVERSION = YES;
				CLANG_WARN_INFINITE_RECURSION = YES;
				CLANG_WARN_INT_CONVERSION = YES;
				CLANG_WARN_NON_LITERAL_NULL_CONVERSION = YES;
				CLANG_WARN_OBJC_IMPLICIT_RETAIN_SELF = YES;
				CLANG_WARN_OBJC_LITERAL_CONVERSION = YES;
				CLANG_WARN_OBJC_ROOT_CLASS = YES_ERROR;
				CLANG_WARN_QUOTED_INCLUDE_IN_FRAMEWORK_HEADER = YES;
				CLANG_WARN_RANGE_LOOP_ANALYSIS = YES;
				CLANG_WARN_STRICT_PROTOTYPES = YES;
				CLANG_WARN_SUSPICIOUS_MOVE = YES;
				CLANG_WARN_UNGUARDED_AVAILABILITY = YES_AGGRESSIVE;
				CLANG_WARN_UNREACHABLE_CODE = YES;
				CLANG_WARN__DUPLICATE_METHOD_MATCH = YES;
				COPY_PHASE_STRIP = NO;
				DEBUG_INFORMATION_FORMAT = "dwarf-with-dsym";
				ENABLE_NS_ASSERTIONS = NO;
				ENABLE_STRICT_OBJC_MSGSEND = YES;
				GCC_C_LANGUAGE_STANDARD = gnu11;
				GCC_NO_COMMON_BLOCKS = YES;
				GCC_WARN_64_TO_32_BIT_CONVERSION = YES;
				GCC_WARN_ABOUT_RETURN_TYPE = YES_ERROR;
				GCC_WARN_UNDECLARED_SELECTOR = YES;
				GCC_WARN_UNINITIALIZED_AUTOS = YES_AGGRESSIVE;
				GCC_WARN_UNUSED_FUNCTION = YES;
				GCC_WARN_UNUSED_VARIABLE = YES;
				IPHONEOS_DEPLOYMENT_TARGET = 16.4;
				MTL_ENABLE_DEBUG_INFO = NO;
				MTL_FAST_MATH = YES;
				SDKROOT = iphoneos;
				SWIFT_COMPILATION_MODE = wholemodule;
				SWIFT_OPTIMIZATION_LEVEL = "-O";
				VALIDATE_PRODUCT = YES;
			};
			name = Release;
		};
		BE1656512A93AFC2003CBE8C /* Debug */ = {
			isa = XCBuildConfiguration;
			buildSettings = {
				ASSETCATALOG_COMPILER_APPICON_NAME = AppIcon;
				ASSETCATALOG_COMPILER_GLOBAL_ACCENT_COLOR_NAME = AccentColor;
				CODE_SIGN_STYLE = Automatic;
				CURRENT_PROJECT_VERSION = 1;
				DEVELOPMENT_ASSET_PATHS = "\"appta/Preview Content\"";
				ENABLE_PREVIEWS = YES;
				GENERATE_INFOPLIST_FILE = YES;
				INFOPLIST_KEY_UIApplicationSceneManifest_Generation = YES;
				INFOPLIST_KEY_UIApplicationSupportsIndirectInputEvents = YES;
				INFOPLIST_KEY_UILaunchScreen_Generation = YES;
				INFOPLIST_KEY_UISupportedInterfaceOrientations_iPad = "UIInterfaceOrientationPortrait UIInterfaceOrientationPortraitUpsideDown UIInterfaceOrientationLandscapeLeft UIInterfaceOrientationLandscapeRight";
				INFOPLIST_KEY_UISupportedInterfaceOrientations_iPhone = "UIInterfaceOrientationPortrait UIInterfaceOrientationLandscapeLeft UIInterfaceOrientationLandscapeRight";
				LD_RUNPATH_SEARCH_PATHS = (
					"$(inherited)",
					"@executable_path/Frameworks",
				);
				MARKETING_VERSION = 1.0;
				PRODUCT_BUNDLE_IDENTIFIER = legato.appta;
				PRODUCT_NAME = "$(TARGET_NAME)";
				SWIFT_EMIT_LOC_STRINGS = YES;
				SWIFT_VERSION = 5.0;
				TARGETED_DEVICE_FAMILY = "1,2";
			};
			name = Debug;
		};
		BE1656522A93AFC2003CBE8C /* Release */ = {
			isa = XCBuildConfiguration;
			buildSettings = {
				ASSETCATALOG_COMPILER_APPICON_NAME = AppIcon;
				ASSETCATALOG_COMPILER_GLOBAL_ACCENT_COLOR_NAME = AccentColor;
				CODE_SIGN_STYLE = Automatic;
				CURRENT_PROJECT_VERSION = 1;
				DEVELOPMENT_ASSET_PATHS = "\"appta/Preview Content\"";
				ENABLE_PREVIEWS = YES;
				GENERATE_INFOPLIST_FILE = YES;
				INFOPLIST_KEY_UIApplicationSceneManifest_Generation = YES;
				INFOPLIST_KEY_UIApplicationSupportsIndirectInputEvents = YES;
				INFOPLIST_KEY_UILaunchScreen_Generation = YES;
				INFOPLIST_KEY_UISupportedInterfaceOrientations_iPad = "UIInterfaceOrientationPortrait UIInterfaceOrientationPortraitUpsideDown UIInterfaceOrientationLandscapeLeft UIInterfaceOrientationLandscapeRight";
				INFOPLIST_KEY_UISupportedInterfaceOrientations_iPhone = "UIInterfaceOrientationPortrait UIInterfaceOrientationLandscapeLeft UIInterfaceOrientationLandscapeRight";
				LD_RUNPATH_SEARCH_PATHS = (
					"$(inherited)",
					"@executable_path/Frameworks",
				);
				MARKETING_VERSION = 1.0;
				PRODUCT_BUNDLE_IDENTIFIER = legato.appta;
				PRODUCT_NAME = "$(TARGET_NAME)";
				SWIFT_EMIT_LOC_STRINGS = YES;
				SWIFT_VERSION = 5.0;
				TARGETED_DEVICE_FAMILY = "1,2";
			};
			name = Release;
		};
		BE1656542A93AFC2003CBE8C /* Debug */ = {
			isa = XCBuildConfiguration;
			buildSettings = {
				ALWAYS_EMBED_SWIFT_STANDARD_LIBRARIES = YES;
				BUNDLE_LOADER = "$(TEST_HOST)";
				CODE_SIGN_STYLE = Automatic;
				CURRENT_PROJECT_VERSION = 1;
				GENERATE_INFOPLIST_FILE = YES;
				IPHONEOS_DEPLOYMENT_TARGET = 16.4;
				MARKETING_VERSION = 1.0;
				PRODUCT_BUNDLE_IDENTIFIER = legato.apptaTests;
				PRODUCT_NAME = "$(TARGET_NAME)";
				SWIFT_EMIT_LOC_STRINGS = NO;
				SWIFT_VERSION = 5.0;
				TARGETED_DEVICE_FAMILY = "1,2";
				TEST_HOST = "$(BUILT_PRODUCTS_DIR)/appta.app/$(BUNDLE_EXECUTABLE_FOLDER_PATH)/appta";
			};
			name = Debug;
		};
		BE1656552A93AFC2003CBE8C /* Release */ = {
			isa = XCBuildConfiguration;
			buildSettings = {
				ALWAYS_EMBED_SWIFT_STANDARD_LIBRARIES = YES;
				BUNDLE_LOADER = "$(TEST_HOST)";
				CODE_SIGN_STYLE = Automatic;
				CURRENT_PROJECT_VERSION = 1;
				GENERATE_INFOPLIST_FILE = YES;
				IPHONEOS_DEPLOYMENT_TARGET = 16.4;
				MARKETING_VERSION = 1.0;
				PRODUCT_BUNDLE_IDENTIFIER = legato.apptaTests;
				PRODUCT_NAME = "$(TARGET_NAME)";
				SWIFT_EMIT_LOC_STRINGS = NO;
				SWIFT_VERSION = 5.0;
				TARGETED_DEVICE_FAMILY = "1,2";
				TEST_HOST = "$(BUILT_PRODUCTS_DIR)/appta.app/$(BUNDLE_EXECUTABLE_FOLDER_PATH)/appta";
			};
			name = Release;
		};
		BE1656572A93AFC2003CBE8C /* Debug */ = {
			isa = XCBuildConfiguration;
			buildSettings = {
				ALWAYS_EMBED_SWIFT_STANDARD_LIBRARIES = YES;
				CODE_SIGN_STYLE = Automatic;
				CURRENT_PROJECT_VERSION = 1;
				GENERATE_INFOPLIST_FILE = YES;
				MARKETING_VERSION = 1.0;
				PRODUCT_BUNDLE_IDENTIFIER = legato.apptaUITests;
				PRODUCT_NAME = "$(TARGET_NAME)";
				SWIFT_EMIT_LOC_STRINGS = NO;
				SWIFT_VERSION = 5.0;
				TARGETED_DEVICE_FAMILY = "1,2";
				TEST_TARGET_NAME = appta;
			};
			name = Debug;
		};
		BE1656582A93AFC2003CBE8C /* Release */ = {
			isa = XCBuildConfiguration;
			buildSettings = {
				ALWAYS_EMBED_SWIFT_STANDARD_LIBRARIES = YES;
				CODE_SIGN_STYLE = Automatic;
				CURRENT_PROJECT_VERSION = 1;
				GENERATE_INFOPLIST_FILE = YES;
				MARKETING_VERSION = 1.0;
				PRODUCT_BUNDLE_IDENTIFIER = legato.apptaUITests;
				PRODUCT_NAME = "$(TARGET_NAME)";
				SWIFT_EMIT_LOC_STRINGS = NO;
				SWIFT_VERSION = 5.0;
				TARGETED_DEVICE_FAMILY = "1,2";
				TEST_TARGET_NAME = appta;
			};
			name = Release;
		};
/* End XCBuildConfiguration section */

/* Begin XCConfigurationList section */
		BE1656272A93AFC1003CBE8C /* Build configuration list for PBXProject "appta" */ = {
			isa = XCConfigurationList;
			buildConfigurations = (
				BE16564E2A93AFC2003CBE8C /* Debug */,
				BE16564F2A93AFC2003CBE8C /* Release */,
			);
			defaultConfigurationIsVisible = 0;
			defaultConfigurationName = Release;
		};
		BE1656502A93AFC2003CBE8C /* Build configuration list for PBXNativeTarget "appta" */ = {
			isa = XCConfigurationList;
			buildConfigurations = (
				BE1656512A93AFC2003CBE8C /* Debug */,
				BE1656522A93AFC2003CBE8C /* Release */,
			);
			defaultConfigurationIsVisible = 0;
			defaultConfigurationName = Release;
		};
		BE1656532A93AFC2003CBE8C /* Build configuration list for PBXNativeTarget "apptaTests" */ = {
			isa = XCConfigurationList;
			buildConfigurations = (
				BE1656542A93AFC2003CBE8C /* Debug */,
				BE1656552A93AFC2003CBE8C /* Release */,
			);
			defaultConfigurationIsVisible = 0;
			defaultConfigurationName = Release;
		};
		BE1656562A93AFC2003CBE8C /* Build configuration list for PBXNativeTarget "apptaUITests" */ = {
			isa = XCConfigurationList;
			buildConfigurations = (
				BE1656572A93AFC2003CBE8C /* Debug */,
				BE1656582A93AFC2003CBE8C /* Release */,
			);
			defaultConfigurationIsVisible = 0;
			defaultConfigurationName = Release;
		};
/* End XCConfigurationList section */
	};
	rootObject = BE1656242A93AFC1003CBE8C /* Project object */;
}
