// !$*UTF8*$!
{
	archiveVersion = 1;
	classes = {
	};
	objectVersion = 56;
	objects = {

/* Begin PBXBuildFile section */
		2303C6152AFE3B0700C66365 /* ProfileViewAssylzhan.swift in Sources */ = {isa = PBXBuildFile; fileRef = 2303C6142AFE3B0700C66365 /* ProfileViewAssylzhan.swift */; };
		2303C6182AFF9CA700C66365 /* Voucher.swift in Sources */ = {isa = PBXBuildFile; fileRef = 2303C6172AFF9CA700C66365 /* Voucher.swift */; };
		2303C61D2AFF9D1500C66365 /* InfiniteCarousel.swift in Sources */ = {isa = PBXBuildFile; fileRef = 2303C61C2AFF9D1500C66365 /* InfiniteCarousel.swift */; };
		2303C61F2AFF9D3600C66365 /* PageControl.swift in Sources */ = {isa = PBXBuildFile; fileRef = 2303C61E2AFF9D3600C66365 /* PageControl.swift */; };
		2303C6212AFF9D4E00C66365 /* OffsetKey.swift in Sources */ = {isa = PBXBuildFile; fileRef = 2303C6202AFF9D4E00C66365 /* OffsetKey.swift */; };
		2303C6232AFF9D7D00C66365 /* InfiniteCarouselModel.swift in Sources */ = {isa = PBXBuildFile; fileRef = 2303C6222AFF9D7D00C66365 /* InfiniteCarouselModel.swift */; };
		2303C62C2AFFA89900C66365 /* MenuRoundedPanel03.swift in Sources */ = {isa = PBXBuildFile; fileRef = 2303C62B2AFFA89900C66365 /* MenuRoundedPanel03.swift */; };
		2303C6312AFFB71300C66365 /* MenuRoundedPanel04.swift in Sources */ = {isa = PBXBuildFile; fileRef = 2303C6302AFFB71300C66365 /* MenuRoundedPanel04.swift */; };
		2303C6332AFFB94A00C66365 /* MenuRoundedPanelModel04.swift in Sources */ = {isa = PBXBuildFile; fileRef = 2303C6322AFFB94A00C66365 /* MenuRoundedPanelModel04.swift */; };
		2311E8DE2ABD5BCF00868F63 /* CoffeeShopProfile.swift in Sources */ = {isa = PBXBuildFile; fileRef = 2311E8DD2ABD5BCF00868F63 /* CoffeeShopProfile.swift */; };
		2311E8EF2ABE070400868F63 /* SubscriptionUpdatedView.swift in Sources */ = {isa = PBXBuildFile; fileRef = 2311E8EE2ABE070400868F63 /* SubscriptionUpdatedView.swift */; };
		2311E8F22ABE073E00868F63 /* CustomPagingSlider.swift in Sources */ = {isa = PBXBuildFile; fileRef = 2311E8F12ABE073E00868F63 /* CustomPagingSlider.swift */; };
		2316A3082AE6E4200078BFB8 /* RewardCarouselModel.swift in Sources */ = {isa = PBXBuildFile; fileRef = 2316A3072AE6E4200078BFB8 /* RewardCarouselModel.swift */; };
		2316A30A2AE6E5BC0078BFB8 /* RewardCarouselView.swift in Sources */ = {isa = PBXBuildFile; fileRef = 2316A3092AE6E5BC0078BFB8 /* RewardCarouselView.swift */; };
		2316A3102AE7C1C50078BFB8 /* MenuRewardModel02.swift in Sources */ = {isa = PBXBuildFile; fileRef = 2316A30F2AE7C1C50078BFB8 /* MenuRewardModel02.swift */; };
		2316A3122AE7C8550078BFB8 /* MenuReward02.swift in Sources */ = {isa = PBXBuildFile; fileRef = 2316A3112AE7C8550078BFB8 /* MenuReward02.swift */; };
		2316A3172AE8EC7B0078BFB8 /* MenuRewardModel03.swift in Sources */ = {isa = PBXBuildFile; fileRef = 2316A3162AE8EC7B0078BFB8 /* MenuRewardModel03.swift */; };
		2316A3192AE8EDCE0078BFB8 /* MenuReward03.swift in Sources */ = {isa = PBXBuildFile; fileRef = 2316A3182AE8EDCE0078BFB8 /* MenuReward03.swift */; };
		231BFE402ACA917200B60737 /* MapViewUpdated.swift in Sources */ = {isa = PBXBuildFile; fileRef = 231BFE3F2ACA917200B60737 /* MapViewUpdated.swift */; };
		231BFE432ACA92C200B60737 /* CFAddressList.swift in Sources */ = {isa = PBXBuildFile; fileRef = 231BFE422ACA92C200B60737 /* CFAddressList.swift */; };
		231BFE482ACA93B500B60737 /* Extenstions.swift in Sources */ = {isa = PBXBuildFile; fileRef = 231BFE472ACA93B500B60737 /* Extenstions.swift */; };
		237B5C332ACB369800F35311 /* TrainingMap.swift in Sources */ = {isa = PBXBuildFile; fileRef = 237B5C322ACB369800F35311 /* TrainingMap.swift */; };
		237B5C382ACB389D00F35311 /* SearchView1.swift in Sources */ = {isa = PBXBuildFile; fileRef = 237B5C372ACB389D00F35311 /* SearchView1.swift */; };
		237B5C3A2ACB3A1600F35311 /* LocationManager1.swift in Sources */ = {isa = PBXBuildFile; fileRef = 237B5C392ACB3A1600F35311 /* LocationManager1.swift */; };
		237B5CB82ACC36BD00F35311 /* LocationManager.swift in Sources */ = {isa = PBXBuildFile; fileRef = 237B5CB72ACC36BD00F35311 /* LocationManager.swift */; };
		237B5CBB2ACC36C700F35311 /* LocationDetailsView.swift in Sources */ = {isa = PBXBuildFile; fileRef = 237B5CB92ACC36C600F35311 /* LocationDetailsView.swift */; };
		237B5CBC2ACC36C700F35311 /* SearchView.swift in Sources */ = {isa = PBXBuildFile; fileRef = 237B5CBA2ACC36C700F35311 /* SearchView.swift */; };
		238B6B062AE53DB70076087B /* MainMenuRoundedPanel.swift in Sources */ = {isa = PBXBuildFile; fileRef = 238B6B052AE53DB70076087B /* MainMenuRoundedPanel.swift */; };
		238B6B0B2AE5418B0076087B /* MenuElementModel01.swift in Sources */ = {isa = PBXBuildFile; fileRef = 238B6B0A2AE5418B0076087B /* MenuElementModel01.swift */; };
		23A4FE362AC4682E004D20CD /* GuideView.swift in Sources */ = {isa = PBXBuildFile; fileRef = 23A4FE352AC4682E004D20CD /* GuideView.swift */; };
		23A4FE382AC46848004D20CD /* CustomTextField.swift in Sources */ = {isa = PBXBuildFile; fileRef = 23A4FE372AC46848004D20CD /* CustomTextField.swift */; };
		23A4FE3A2AC4686E004D20CD /* CustomIndicator.swift in Sources */ = {isa = PBXBuildFile; fileRef = 23A4FE392AC4686E004D20CD /* CustomIndicator.swift */; };
		23A4FE3C2AC46883004D20CD /* PageIntro.swift in Sources */ = {isa = PBXBuildFile; fileRef = 23A4FE3B2AC46883004D20CD /* PageIntro.swift */; };
		23A4FE432AC58821004D20CD /* Coffee.swift in Sources */ = {isa = PBXBuildFile; fileRef = 23A4FE422AC58821004D20CD /* Coffee.swift */; };
		23A4FE542AC9613E004D20CD /* CustomCarousel.swift in Sources */ = {isa = PBXBuildFile; fileRef = 23A4FE532AC9613E004D20CD /* CustomCarousel.swift */; };
		23A4FE682ACA1D57004D20CD /* CoffeesScroll.swift in Sources */ = {isa = PBXBuildFile; fileRef = 23A4FE672ACA1D57004D20CD /* CoffeesScroll.swift */; };
		23E407662AEA6C60008ABD48 /* MenuReward04.swift in Sources */ = {isa = PBXBuildFile; fileRef = 23E407652AEA6C60008ABD48 /* MenuReward04.swift */; };
		23E5100E2AE91C1A006C03A4 /* MenuElementModel02.swift in Sources */ = {isa = PBXBuildFile; fileRef = 23E5100D2AE91C1A006C03A4 /* MenuElementModel02.swift */; };
		23E510102AE91C29006C03A4 /* MainMenuRoundedPanel02.swift in Sources */ = {isa = PBXBuildFile; fileRef = 23E5100F2AE91C29006C03A4 /* MainMenuRoundedPanel02.swift */; };
		23E510122AE93B22006C03A4 /* ProgressMeter.swift in Sources */ = {isa = PBXBuildFile; fileRef = 23E510112AE93B22006C03A4 /* ProgressMeter.swift */; };
		23E510152AE94029006C03A4 /* ProgressBar.swift in Sources */ = {isa = PBXBuildFile; fileRef = 23E510142AE94029006C03A4 /* ProgressBar.swift */; };
		23E9A1532AE514AF00494951 /* LockView.swift in Sources */ = {isa = PBXBuildFile; fileRef = 23E9A1522AE514AF00494951 /* LockView.swift */; };
		23E9A1552AE5181600494951 /* PINView.swift in Sources */ = {isa = PBXBuildFile; fileRef = 23E9A1542AE5181600494951 /* PINView.swift */; };
		23E9D6BB2AD02FA70044A47F /* SubscriptionCard1_Front.swift in Sources */ = {isa = PBXBuildFile; fileRef = 23E9D6BA2AD02FA70044A47F /* SubscriptionCard1_Front.swift */; };
		23E9D6BD2AD035530044A47F /* SubscriptionCardModel.swift in Sources */ = {isa = PBXBuildFile; fileRef = 23E9D6BC2AD035530044A47F /* SubscriptionCardModel.swift */; };
		23E9D6C02AD081A30044A47F /* SubscriptionCard2_Front.swift in Sources */ = {isa = PBXBuildFile; fileRef = 23E9D6BF2AD081A30044A47F /* SubscriptionCard2_Front.swift */; };
		23E9D6C42AD0902C0044A47F /* SubscriptionCard1_Back.swift in Sources */ = {isa = PBXBuildFile; fileRef = 23E9D6C32AD0902C0044A47F /* SubscriptionCard1_Back.swift */; };
		23E9D6C62AD0905F0044A47F /* CardShape.swift in Sources */ = {isa = PBXBuildFile; fileRef = 23E9D6C52AD0905F0044A47F /* CardShape.swift */; };
		23E9D6CF2AD1A3C90044A47F /* CoffeeShopImageScroll.swift in Sources */ = {isa = PBXBuildFile; fileRef = 23E9D6CE2AD1A3C90044A47F /* CoffeeShopImageScroll.swift */; };
		23E9D6D22AD1A4900044A47F /* CoffeeShopImageModel.swift in Sources */ = {isa = PBXBuildFile; fileRef = 23E9D6D12AD1A4900044A47F /* CoffeeShopImageModel.swift */; };
		BE1656342A93AFC1003CBE8C /* Assets.xcassets in Resources */ = {isa = PBXBuildFile; fileRef = BE1656332A93AFC1003CBE8C /* Assets.xcassets */; };
		BE1656372A93AFC1003CBE8C /* Preview Assets.xcassets in Resources */ = {isa = PBXBuildFile; fileRef = BE1656362A93AFC1003CBE8C /* Preview Assets.xcassets */; };
		BE1656412A93AFC2003CBE8C /* apptaTests.swift in Sources */ = {isa = PBXBuildFile; fileRef = BE1656402A93AFC2003CBE8C /* apptaTests.swift */; };
		BE16564B2A93AFC2003CBE8C /* apptaUITests.swift in Sources */ = {isa = PBXBuildFile; fileRef = BE16564A2A93AFC2003CBE8C /* apptaUITests.swift */; };
		BE16564D2A93AFC2003CBE8C /* apptaUITestsLaunchTests.swift in Sources */ = {isa = PBXBuildFile; fileRef = BE16564C2A93AFC2003CBE8C /* apptaUITestsLaunchTests.swift */; };
		BE17D1FA2A98A5C100FB5054 /* sample.swift in Sources */ = {isa = PBXBuildFile; fileRef = BE17D1F92A98A5C100FB5054 /* sample.swift */; };
		BE2F0C242AAED4790089FD6A /* hehehe.mp4 in Resources */ = {isa = PBXBuildFile; fileRef = BE2F0C232AAED3F70089FD6A /* hehehe.mp4 */; };
		BE2F0C262AAEDBBA0089FD6A /* CarouselView.swift in Sources */ = {isa = PBXBuildFile; fileRef = BE2F0C252AAEDBBA0089FD6A /* CarouselView.swift */; };
		BE2F30582A93D89D009E72DC /* ContentView.swift in Sources */ = {isa = PBXBuildFile; fileRef = BE2F30572A93D89D009E72DC /* ContentView.swift */; };
		BE2F305A2A93D926009E72DC /* CustomTabBar.swift in Sources */ = {isa = PBXBuildFile; fileRef = BE2F30592A93D926009E72DC /* CustomTabBar.swift */; };
		BE2F305C2A93D9C6009E72DC /* ApptaView.swift in Sources */ = {isa = PBXBuildFile; fileRef = BE2F305B2A93D9C6009E72DC /* ApptaView.swift */; };
		BE9BBC162A9407F300B0C05D /* ModelData.swift in Sources */ = {isa = PBXBuildFile; fileRef = BE9BBC152A9407F300B0C05D /* ModelData.swift */; };
		BE9BBC182A94080400B0C05D /* CoffeeShop.swift in Sources */ = {isa = PBXBuildFile; fileRef = BE9BBC172A94080400B0C05D /* CoffeeShop.swift */; };
		BED02CEF2A940B48007DEE6D /* coffeeshops.json in Resources */ = {isa = PBXBuildFile; fileRef = BED02CEE2A940B48007DEE6D /* coffeeshops.json */; };
		BED02CF72A94168B007DEE6D /* CategoryItem.swift in Sources */ = {isa = PBXBuildFile; fileRef = BED02CF62A94168B007DEE6D /* CategoryItem.swift */; };
		BED02CF92A9416DA007DEE6D /* CategoryRow.swift in Sources */ = {isa = PBXBuildFile; fileRef = BED02CF82A9416DA007DEE6D /* CategoryRow.swift */; };
		BED02D092A960AB1007DEE6D /* HomeView.swift in Sources */ = {isa = PBXBuildFile; fileRef = BED02D082A960AB1007DEE6D /* HomeView.swift */; };
		BED02D0B2A9617E9007DEE6D /* MapView.swift in Sources */ = {isa = PBXBuildFile; fileRef = BED02D0A2A9617E9007DEE6D /* MapView.swift */; };
		BED02D0D2A9617F3007DEE6D /* SubscriptionView.swift in Sources */ = {isa = PBXBuildFile; fileRef = BED02D0C2A9617F3007DEE6D /* SubscriptionView.swift */; };
		BED02D0F2A9617FF007DEE6D /* ProfileView.swift in Sources */ = {isa = PBXBuildFile; fileRef = BED02D0E2A9617FF007DEE6D /* ProfileView.swift */; };
		BED02D112A961AB6007DEE6D /* QrcodeView.swift in Sources */ = {isa = PBXBuildFile; fileRef = BED02D102A961AB6007DEE6D /* QrcodeView.swift */; };
		BEF004192A963547008CEAAD /* CodeScanner in Frameworks */ = {isa = PBXBuildFile; productRef = BEF004182A963547008CEAAD /* CodeScanner */; };
		BEFBB8E12AA6A8B500896A83 /* CategoryItemStory.swift in Sources */ = {isa = PBXBuildFile; fileRef = BEFBB8E02AA6A8B500896A83 /* CategoryItemStory.swift */; };
		BEFBB8E32AA6AA0300896A83 /* CategoryRowStory.swift in Sources */ = {isa = PBXBuildFile; fileRef = BEFBB8E22AA6AA0300896A83 /* CategoryRowStory.swift */; };
		BEFBB8E72AA6F0B100896A83 /* DarkeningScrollView.swift in Sources */ = {isa = PBXBuildFile; fileRef = BEFBB8E62AA6F0B100896A83 /* DarkeningScrollView.swift */; };
		BEFBB8E92AA74EBF00896A83 /* NavigationBar.swift in Sources */ = {isa = PBXBuildFile; fileRef = BEFBB8E82AA74EBF00896A83 /* NavigationBar.swift */; };
/* End PBXBuildFile section */

/* Begin PBXContainerItemProxy section */
		BE16563D2A93AFC2003CBE8C /* PBXContainerItemProxy */ = {
			isa = PBXContainerItemProxy;
			containerPortal = BE1656242A93AFC1003CBE8C /* Project object */;
			proxyType = 1;
			remoteGlobalIDString = BE16562B2A93AFC1003CBE8C;
			remoteInfo = appta;
		};
		BE1656472A93AFC2003CBE8C /* PBXContainerItemProxy */ = {
			isa = PBXContainerItemProxy;
			containerPortal = BE1656242A93AFC1003CBE8C /* Project object */;
			proxyType = 1;
			remoteGlobalIDString = BE16562B2A93AFC1003CBE8C;
			remoteInfo = appta;
		};
/* End PBXContainerItemProxy section */

/* Begin PBXFileReference section */
		2303C6142AFE3B0700C66365 /* ProfileViewAssylzhan.swift */ = {isa = PBXFileReference; lastKnownFileType = sourcecode.swift; path = ProfileViewAssylzhan.swift; sourceTree = "<group>"; };
		2303C6172AFF9CA700C66365 /* Voucher.swift */ = {isa = PBXFileReference; lastKnownFileType = sourcecode.swift; path = Voucher.swift; sourceTree = "<group>"; };
		2303C61C2AFF9D1500C66365 /* InfiniteCarousel.swift */ = {isa = PBXFileReference; lastKnownFileType = sourcecode.swift; path = InfiniteCarousel.swift; sourceTree = "<group>"; };
		2303C61E2AFF9D3600C66365 /* PageControl.swift */ = {isa = PBXFileReference; lastKnownFileType = sourcecode.swift; path = PageControl.swift; sourceTree = "<group>"; };
		2303C6202AFF9D4E00C66365 /* OffsetKey.swift */ = {isa = PBXFileReference; lastKnownFileType = sourcecode.swift; path = OffsetKey.swift; sourceTree = "<group>"; };
		2303C6222AFF9D7D00C66365 /* InfiniteCarouselModel.swift */ = {isa = PBXFileReference; lastKnownFileType = sourcecode.swift; path = InfiniteCarouselModel.swift; sourceTree = "<group>"; };
		2303C62B2AFFA89900C66365 /* MenuRoundedPanel03.swift */ = {isa = PBXFileReference; lastKnownFileType = sourcecode.swift; path = MenuRoundedPanel03.swift; sourceTree = "<group>"; };
		2303C6302AFFB71300C66365 /* MenuRoundedPanel04.swift */ = {isa = PBXFileReference; lastKnownFileType = sourcecode.swift; path = MenuRoundedPanel04.swift; sourceTree = "<group>"; };
		2303C6322AFFB94A00C66365 /* MenuRoundedPanelModel04.swift */ = {isa = PBXFileReference; lastKnownFileType = sourcecode.swift; path = MenuRoundedPanelModel04.swift; sourceTree = "<group>"; };
		2311E8DD2ABD5BCF00868F63 /* CoffeeShopProfile.swift */ = {isa = PBXFileReference; lastKnownFileType = sourcecode.swift; path = CoffeeShopProfile.swift; sourceTree = "<group>"; };
		2311E8EE2ABE070400868F63 /* SubscriptionUpdatedView.swift */ = {isa = PBXFileReference; lastKnownFileType = sourcecode.swift; path = SubscriptionUpdatedView.swift; sourceTree = "<group>"; };
		2311E8F12ABE073E00868F63 /* CustomPagingSlider.swift */ = {isa = PBXFileReference; lastKnownFileType = sourcecode.swift; path = CustomPagingSlider.swift; sourceTree = "<group>"; };
		2316A3072AE6E4200078BFB8 /* RewardCarouselModel.swift */ = {isa = PBXFileReference; lastKnownFileType = sourcecode.swift; path = RewardCarouselModel.swift; sourceTree = "<group>"; };
		2316A3092AE6E5BC0078BFB8 /* RewardCarouselView.swift */ = {isa = PBXFileReference; lastKnownFileType = sourcecode.swift; path = RewardCarouselView.swift; sourceTree = "<group>"; };
		2316A30F2AE7C1C50078BFB8 /* MenuRewardModel02.swift */ = {isa = PBXFileReference; lastKnownFileType = sourcecode.swift; path = MenuRewardModel02.swift; sourceTree = "<group>"; };
		2316A3112AE7C8550078BFB8 /* MenuReward02.swift */ = {isa = PBXFileReference; lastKnownFileType = sourcecode.swift; path = MenuReward02.swift; sourceTree = "<group>"; };
		2316A3162AE8EC7B0078BFB8 /* MenuRewardModel03.swift */ = {isa = PBXFileReference; lastKnownFileType = sourcecode.swift; path = MenuRewardModel03.swift; sourceTree = "<group>"; };
		2316A3182AE8EDCE0078BFB8 /* MenuReward03.swift */ = {isa = PBXFileReference; lastKnownFileType = sourcecode.swift; path = MenuReward03.swift; sourceTree = "<group>"; };
		231BFE3F2ACA917200B60737 /* MapViewUpdated.swift */ = {isa = PBXFileReference; lastKnownFileType = sourcecode.swift; path = MapViewUpdated.swift; sourceTree = "<group>"; };
		231BFE422ACA92C200B60737 /* CFAddressList.swift */ = {isa = PBXFileReference; lastKnownFileType = sourcecode.swift; path = CFAddressList.swift; sourceTree = "<group>"; };
		231BFE472ACA93B500B60737 /* Extenstions.swift */ = {isa = PBXFileReference; lastKnownFileType = sourcecode.swift; path = Extenstions.swift; sourceTree = "<group>"; };
		237B5C322ACB369800F35311 /* TrainingMap.swift */ = {isa = PBXFileReference; lastKnownFileType = sourcecode.swift; path = TrainingMap.swift; sourceTree = "<group>"; };
		237B5C372ACB389D00F35311 /* SearchView1.swift */ = {isa = PBXFileReference; lastKnownFileType = sourcecode.swift; path = SearchView1.swift; sourceTree = "<group>"; };
		237B5C392ACB3A1600F35311 /* LocationManager1.swift */ = {isa = PBXFileReference; lastKnownFileType = sourcecode.swift; path = LocationManager1.swift; sourceTree = "<group>"; };
		237B5CB72ACC36BD00F35311 /* LocationManager.swift */ = {isa = PBXFileReference; fileEncoding = 4; lastKnownFileType = sourcecode.swift; path = LocationManager.swift; sourceTree = "<group>"; };
		237B5CB92ACC36C600F35311 /* LocationDetailsView.swift */ = {isa = PBXFileReference; fileEncoding = 4; lastKnownFileType = sourcecode.swift; path = LocationDetailsView.swift; sourceTree = "<group>"; };
		237B5CBA2ACC36C700F35311 /* SearchView.swift */ = {isa = PBXFileReference; fileEncoding = 4; lastKnownFileType = sourcecode.swift; path = SearchView.swift; sourceTree = "<group>"; };
		238B6B052AE53DB70076087B /* MainMenuRoundedPanel.swift */ = {isa = PBXFileReference; lastKnownFileType = sourcecode.swift; path = MainMenuRoundedPanel.swift; sourceTree = "<group>"; };
		238B6B0A2AE5418B0076087B /* MenuElementModel01.swift */ = {isa = PBXFileReference; lastKnownFileType = sourcecode.swift; path = MenuElementModel01.swift; sourceTree = "<group>"; };
		23A4FE352AC4682E004D20CD /* GuideView.swift */ = {isa = PBXFileReference; lastKnownFileType = sourcecode.swift; path = GuideView.swift; sourceTree = "<group>"; };
		23A4FE372AC46848004D20CD /* CustomTextField.swift */ = {isa = PBXFileReference; lastKnownFileType = sourcecode.swift; path = CustomTextField.swift; sourceTree = "<group>"; };
		23A4FE392AC4686E004D20CD /* CustomIndicator.swift */ = {isa = PBXFileReference; lastKnownFileType = sourcecode.swift; path = CustomIndicator.swift; sourceTree = "<group>"; };
		23A4FE3B2AC46883004D20CD /* PageIntro.swift */ = {isa = PBXFileReference; lastKnownFileType = sourcecode.swift; path = PageIntro.swift; sourceTree = "<group>"; };
		23A4FE422AC58821004D20CD /* Coffee.swift */ = {isa = PBXFileReference; lastKnownFileType = sourcecode.swift; path = Coffee.swift; sourceTree = "<group>"; };
		23A4FE532AC9613E004D20CD /* CustomCarousel.swift */ = {isa = PBXFileReference; fileEncoding = 4; lastKnownFileType = sourcecode.swift; path = CustomCarousel.swift; sourceTree = "<group>"; };
		23A4FE672ACA1D57004D20CD /* CoffeesScroll.swift */ = {isa = PBXFileReference; fileEncoding = 4; lastKnownFileType = sourcecode.swift; path = CoffeesScroll.swift; sourceTree = "<group>"; };
		23E407652AEA6C60008ABD48 /* MenuReward04.swift */ = {isa = PBXFileReference; lastKnownFileType = sourcecode.swift; path = MenuReward04.swift; sourceTree = "<group>"; };
		23E5100D2AE91C1A006C03A4 /* MenuElementModel02.swift */ = {isa = PBXFileReference; lastKnownFileType = sourcecode.swift; path = MenuElementModel02.swift; sourceTree = "<group>"; };
		23E5100F2AE91C29006C03A4 /* MainMenuRoundedPanel02.swift */ = {isa = PBXFileReference; lastKnownFileType = sourcecode.swift; path = MainMenuRoundedPanel02.swift; sourceTree = "<group>"; };
		23E510112AE93B22006C03A4 /* ProgressMeter.swift */ = {isa = PBXFileReference; lastKnownFileType = sourcecode.swift; path = ProgressMeter.swift; sourceTree = "<group>"; };
		23E510142AE94029006C03A4 /* ProgressBar.swift */ = {isa = PBXFileReference; lastKnownFileType = sourcecode.swift; path = ProgressBar.swift; sourceTree = "<group>"; };
		23E9A1522AE514AF00494951 /* LockView.swift */ = {isa = PBXFileReference; lastKnownFileType = sourcecode.swift; path = LockView.swift; sourceTree = "<group>"; };
		23E9A1542AE5181600494951 /* PINView.swift */ = {isa = PBXFileReference; lastKnownFileType = sourcecode.swift; path = PINView.swift; sourceTree = "<group>"; };
		23E9D6BA2AD02FA70044A47F /* SubscriptionCard1_Front.swift */ = {isa = PBXFileReference; lastKnownFileType = sourcecode.swift; path = SubscriptionCard1_Front.swift; sourceTree = "<group>"; };
		23E9D6BC2AD035530044A47F /* SubscriptionCardModel.swift */ = {isa = PBXFileReference; lastKnownFileType = sourcecode.swift; path = SubscriptionCardModel.swift; sourceTree = "<group>"; };
		23E9D6BF2AD081A30044A47F /* SubscriptionCard2_Front.swift */ = {isa = PBXFileReference; lastKnownFileType = sourcecode.swift; path = SubscriptionCard2_Front.swift; sourceTree = "<group>"; };
		23E9D6C32AD0902C0044A47F /* SubscriptionCard1_Back.swift */ = {isa = PBXFileReference; lastKnownFileType = sourcecode.swift; path = SubscriptionCard1_Back.swift; sourceTree = "<group>"; };
		23E9D6C52AD0905F0044A47F /* CardShape.swift */ = {isa = PBXFileReference; lastKnownFileType = sourcecode.swift; path = CardShape.swift; sourceTree = "<group>"; };
		23E9D6CA2AD0CC560044A47F /* CREDC___.ttf */ = {isa = PBXFileReference; lastKnownFileType = file; path = "CREDC___.ttf"; sourceTree = "<group>"; };
		23E9D6CB2AD0CE7C0044A47F /* Info.plist */ = {isa = PBXFileReference; lastKnownFileType = text.plist; path = Info.plist; sourceTree = "<group>"; };
		23E9D6CE2AD1A3C90044A47F /* CoffeeShopImageScroll.swift */ = {isa = PBXFileReference; lastKnownFileType = sourcecode.swift; path = CoffeeShopImageScroll.swift; sourceTree = "<group>"; };
		23E9D6D12AD1A4900044A47F /* CoffeeShopImageModel.swift */ = {isa = PBXFileReference; lastKnownFileType = sourcecode.swift; path = CoffeeShopImageModel.swift; sourceTree = "<group>"; };
		BE16562C2A93AFC1003CBE8C /* appta.app */ = {isa = PBXFileReference; explicitFileType = wrapper.application; includeInIndex = 0; path = appta.app; sourceTree = BUILT_PRODUCTS_DIR; };
		BE1656332A93AFC1003CBE8C /* Assets.xcassets */ = {isa = PBXFileReference; lastKnownFileType = folder.assetcatalog; path = Assets.xcassets; sourceTree = "<group>"; };
		BE1656362A93AFC1003CBE8C /* Preview Assets.xcassets */ = {isa = PBXFileReference; lastKnownFileType = folder.assetcatalog; path = "Preview Assets.xcassets"; sourceTree = "<group>"; };
		BE16563C2A93AFC2003CBE8C /* apptaTests.xctest */ = {isa = PBXFileReference; explicitFileType = wrapper.cfbundle; includeInIndex = 0; path = apptaTests.xctest; sourceTree = BUILT_PRODUCTS_DIR; };
		BE1656402A93AFC2003CBE8C /* apptaTests.swift */ = {isa = PBXFileReference; lastKnownFileType = sourcecode.swift; path = apptaTests.swift; sourceTree = "<group>"; };
		BE1656462A93AFC2003CBE8C /* apptaUITests.xctest */ = {isa = PBXFileReference; explicitFileType = wrapper.cfbundle; includeInIndex = 0; path = apptaUITests.xctest; sourceTree = BUILT_PRODUCTS_DIR; };
		BE16564A2A93AFC2003CBE8C /* apptaUITests.swift */ = {isa = PBXFileReference; lastKnownFileType = sourcecode.swift; path = apptaUITests.swift; sourceTree = "<group>"; };
		BE16564C2A93AFC2003CBE8C /* apptaUITestsLaunchTests.swift */ = {isa = PBXFileReference; lastKnownFileType = sourcecode.swift; path = apptaUITestsLaunchTests.swift; sourceTree = "<group>"; };
		BE17D1F92A98A5C100FB5054 /* sample.swift */ = {isa = PBXFileReference; lastKnownFileType = sourcecode.swift; path = sample.swift; sourceTree = "<group>"; };
		BE2F0C232AAED3F70089FD6A /* hehehe.mp4 */ = {isa = PBXFileReference; lastKnownFileType = file; path = hehehe.mp4; sourceTree = "<group>"; };
		BE2F0C252AAEDBBA0089FD6A /* CarouselView.swift */ = {isa = PBXFileReference; lastKnownFileType = sourcecode.swift; path = CarouselView.swift; sourceTree = "<group>"; };
		BE2F30572A93D89D009E72DC /* ContentView.swift */ = {isa = PBXFileReference; lastKnownFileType = sourcecode.swift; path = ContentView.swift; sourceTree = "<group>"; };
		BE2F30592A93D926009E72DC /* CustomTabBar.swift */ = {isa = PBXFileReference; lastKnownFileType = sourcecode.swift; path = CustomTabBar.swift; sourceTree = "<group>"; };
		BE2F305B2A93D9C6009E72DC /* ApptaView.swift */ = {isa = PBXFileReference; lastKnownFileType = sourcecode.swift; path = ApptaView.swift; sourceTree = "<group>"; };
		BE9BBC152A9407F300B0C05D /* ModelData.swift */ = {isa = PBXFileReference; lastKnownFileType = sourcecode.swift; path = ModelData.swift; sourceTree = "<group>"; };
		BE9BBC172A94080400B0C05D /* CoffeeShop.swift */ = {isa = PBXFileReference; lastKnownFileType = sourcecode.swift; path = CoffeeShop.swift; sourceTree = "<group>"; };
		BED02CEE2A940B48007DEE6D /* coffeeshops.json */ = {isa = PBXFileReference; lastKnownFileType = text.json; path = coffeeshops.json; sourceTree = "<group>"; };
		BED02CF62A94168B007DEE6D /* CategoryItem.swift */ = {isa = PBXFileReference; lastKnownFileType = sourcecode.swift; path = CategoryItem.swift; sourceTree = "<group>"; };
		BED02CF82A9416DA007DEE6D /* CategoryRow.swift */ = {isa = PBXFileReference; lastKnownFileType = sourcecode.swift; path = CategoryRow.swift; sourceTree = "<group>"; };
		BED02D082A960AB1007DEE6D /* HomeView.swift */ = {isa = PBXFileReference; lastKnownFileType = sourcecode.swift; path = HomeView.swift; sourceTree = "<group>"; };
		BED02D0A2A9617E9007DEE6D /* MapView.swift */ = {isa = PBXFileReference; lastKnownFileType = sourcecode.swift; path = MapView.swift; sourceTree = "<group>"; };
		BED02D0C2A9617F3007DEE6D /* SubscriptionView.swift */ = {isa = PBXFileReference; lastKnownFileType = sourcecode.swift; path = SubscriptionView.swift; sourceTree = "<group>"; };
		BED02D0E2A9617FF007DEE6D /* ProfileView.swift */ = {isa = PBXFileReference; lastKnownFileType = sourcecode.swift; path = ProfileView.swift; sourceTree = "<group>"; };
		BED02D102A961AB6007DEE6D /* QrcodeView.swift */ = {isa = PBXFileReference; lastKnownFileType = sourcecode.swift; path = QrcodeView.swift; sourceTree = "<group>"; };
		BEFBB8E02AA6A8B500896A83 /* CategoryItemStory.swift */ = {isa = PBXFileReference; lastKnownFileType = sourcecode.swift; path = CategoryItemStory.swift; sourceTree = "<group>"; };
		BEFBB8E22AA6AA0300896A83 /* CategoryRowStory.swift */ = {isa = PBXFileReference; lastKnownFileType = sourcecode.swift; path = CategoryRowStory.swift; sourceTree = "<group>"; };
		BEFBB8E62AA6F0B100896A83 /* DarkeningScrollView.swift */ = {isa = PBXFileReference; lastKnownFileType = sourcecode.swift; path = DarkeningScrollView.swift; sourceTree = "<group>"; };
		BEFBB8E82AA74EBF00896A83 /* NavigationBar.swift */ = {isa = PBXFileReference; lastKnownFileType = sourcecode.swift; path = NavigationBar.swift; sourceTree = "<group>"; };
/* End PBXFileReference section */

/* Begin PBXFrameworksBuildPhase section */
		BE1656292A93AFC1003CBE8C /* Frameworks */ = {
			isa = PBXFrameworksBuildPhase;
			buildActionMask = 2147483647;
			files = (
				BEF004192A963547008CEAAD /* CodeScanner in Frameworks */,
			);
			runOnlyForDeploymentPostprocessing = 0;
		};
		BE1656392A93AFC2003CBE8C /* Frameworks */ = {
			isa = PBXFrameworksBuildPhase;
			buildActionMask = 2147483647;
			files = (
			);
			runOnlyForDeploymentPostprocessing = 0;
		};
		BE1656432A93AFC2003CBE8C /* Frameworks */ = {
			isa = PBXFrameworksBuildPhase;
			buildActionMask = 2147483647;
			files = (
			);
			runOnlyForDeploymentPostprocessing = 0;
		};
/* End PBXFrameworksBuildPhase section */

/* Begin PBXGroup section */
		2303C6162AFF9C9800C66365 /* Voucher */ = {
			isa = PBXGroup;
			children = (
				2303C6172AFF9CA700C66365 /* Voucher.swift */,
			);
			path = Voucher;
			sourceTree = "<group>";
		};
		2303C6192AFF9CE800C66365 /* InfiniteScroll */ = {
			isa = PBXGroup;
			children = (
				2303C6242AFF9E0500C66365 /* Helpers */,
				2303C61B2AFF9CFD00C66365 /* Model */,
				2303C61A2AFF9CF900C66365 /* View */,
			);
			path = InfiniteScroll;
			sourceTree = "<group>";
		};
		2303C61A2AFF9CF900C66365 /* View */ = {
			isa = PBXGroup;
			children = (
				2303C61C2AFF9D1500C66365 /* InfiniteCarousel.swift */,
				2303C61E2AFF9D3600C66365 /* PageControl.swift */,
			);
			path = View;
			sourceTree = "<group>";
		};
		2303C61B2AFF9CFD00C66365 /* Model */ = {
			isa = PBXGroup;
			children = (
				2303C6222AFF9D7D00C66365 /* InfiniteCarouselModel.swift */,
			);
			path = Model;
			sourceTree = "<group>";
		};
		2303C6242AFF9E0500C66365 /* Helpers */ = {
			isa = PBXGroup;
			children = (
				2303C6202AFF9D4E00C66365 /* OffsetKey.swift */,
			);
			path = Helpers;
			sourceTree = "<group>";
		};
		2303C6252AFFA44300C66365 /* Reward */ = {
			isa = PBXGroup;
			children = (
				23E510162AE98706006C03A4 /* Reward04 */,
				2316A3132AE8EC540078BFB8 /* Reward03 */,
				2316A3012AE6C8890078BFB8 /* Reward02 */,
				2316A3042AE6E2D20078BFB8 /* Reward01 */,
			);
			path = Reward;
			sourceTree = "<group>";
		};
		2303C6262AFFA45C00C66365 /* MenuRoundedPanel */ = {
			isa = PBXGroup;
			children = (
				2303C62D2AFFB6CD00C66365 /* MenuRoundedPanel04 */,
				2303C6282AFFA6B600C66365 /* MenuRewardPanel03 */,
				23E5100A2AE91BC7006C03A4 /* MenuRoundedPanel02 */,
				238B6B072AE5412F0076087B /* MenuRoundedPanel01 */,
			);
			path = MenuRoundedPanel;
			sourceTree = "<group>";
		};
		2303C6272AFFA46E00C66365 /* Home */ = {
			isa = PBXGroup;
			children = (
				BE2F305B2A93D9C6009E72DC /* ApptaView.swift */,
				BE2F30572A93D89D009E72DC /* ContentView.swift */,
				BE2F30592A93D926009E72DC /* CustomTabBar.swift */,
				BED02CF82A9416DA007DEE6D /* CategoryRow.swift */,
				BEFBB8E22AA6AA0300896A83 /* CategoryRowStory.swift */,
				BED02CF62A94168B007DEE6D /* CategoryItem.swift */,
				BEFBB8E02AA6A8B500896A83 /* CategoryItemStory.swift */,
				BEFBB8E62AA6F0B100896A83 /* DarkeningScrollView.swift */,
				BED02D082A960AB1007DEE6D /* HomeView.swift */,
				BEFBB8E82AA74EBF00896A83 /* NavigationBar.swift */,
				BE2F0C252AAEDBBA0089FD6A /* CarouselView.swift */,
			);
			path = Home;
			sourceTree = "<group>";
		};
		2303C6282AFFA6B600C66365 /* MenuRewardPanel03 */ = {
			isa = PBXGroup;
			children = (
				2303C62A2AFFA88600C66365 /* Model */,
				2303C6292AFFA88200C66365 /* View */,
			);
			path = MenuRewardPanel03;
			sourceTree = "<group>";
		};
		2303C6292AFFA88200C66365 /* View */ = {
			isa = PBXGroup;
			children = (
				2303C62B2AFFA89900C66365 /* MenuRoundedPanel03.swift */,
			);
			path = View;
			sourceTree = "<group>";
		};
		2303C62A2AFFA88600C66365 /* Model */ = {
			isa = PBXGroup;
			children = (
			);
			path = Model;
			sourceTree = "<group>";
		};
		2303C62D2AFFB6CD00C66365 /* MenuRoundedPanel04 */ = {
			isa = PBXGroup;
			children = (
				2303C62F2AFFB6E200C66365 /* Model */,
				2303C62E2AFFB6D900C66365 /* View */,
			);
			path = MenuRoundedPanel04;
			sourceTree = "<group>";
		};
		2303C62E2AFFB6D900C66365 /* View */ = {
			isa = PBXGroup;
			children = (
				2303C6302AFFB71300C66365 /* MenuRoundedPanel04.swift */,
			);
			path = View;
			sourceTree = "<group>";
		};
		2303C62F2AFFB6E200C66365 /* Model */ = {
			isa = PBXGroup;
			children = (
				2303C6322AFFB94A00C66365 /* MenuRoundedPanelModel04.swift */,
			);
			path = Model;
			sourceTree = "<group>";
		};
		2316A3012AE6C8890078BFB8 /* Reward02 */ = {
			isa = PBXGroup;
			children = (
				2316A30E2AE7C1AA0078BFB8 /* View */,
				2316A30D2AE7C1A40078BFB8 /* Model */,
			);
			path = Reward02;
			sourceTree = "<group>";
		};
		2316A3042AE6E2D20078BFB8 /* Reward01 */ = {
			isa = PBXGroup;
			children = (
				2316A3062AE6E3E20078BFB8 /* View */,
				2316A3052AE6E3DF0078BFB8 /* Model */,
			);
			path = Reward01;
			sourceTree = "<group>";
		};
		2316A3052AE6E3DF0078BFB8 /* Model */ = {
			isa = PBXGroup;
			children = (
				2316A3072AE6E4200078BFB8 /* RewardCarouselModel.swift */,
			);
			path = Model;
			sourceTree = "<group>";
		};
		2316A3062AE6E3E20078BFB8 /* View */ = {
			isa = PBXGroup;
			children = (
				2316A3092AE6E5BC0078BFB8 /* RewardCarouselView.swift */,
			);
			path = View;
			sourceTree = "<group>";
		};
		2316A30D2AE7C1A40078BFB8 /* Model */ = {
			isa = PBXGroup;
			children = (
				2316A30F2AE7C1C50078BFB8 /* MenuRewardModel02.swift */,
			);
			path = Model;
			sourceTree = "<group>";
		};
		2316A30E2AE7C1AA0078BFB8 /* View */ = {
			isa = PBXGroup;
			children = (
				2316A3112AE7C8550078BFB8 /* MenuReward02.swift */,
			);
			path = View;
			sourceTree = "<group>";
		};
		2316A3132AE8EC540078BFB8 /* Reward03 */ = {
			isa = PBXGroup;
			children = (
				2316A3152AE8EC620078BFB8 /* View */,
				2316A3142AE8EC5E0078BFB8 /* Model */,
			);
			path = Reward03;
			sourceTree = "<group>";
		};
		2316A3142AE8EC5E0078BFB8 /* Model */ = {
			isa = PBXGroup;
			children = (
				2316A3162AE8EC7B0078BFB8 /* MenuRewardModel03.swift */,
			);
			path = Model;
			sourceTree = "<group>";
		};
		2316A3152AE8EC620078BFB8 /* View */ = {
			isa = PBXGroup;
			children = (
				2316A3182AE8EDCE0078BFB8 /* MenuReward03.swift */,
			);
			path = View;
			sourceTree = "<group>";
		};
		231BFE3E2ACA915700B60737 /* View */ = {
			isa = PBXGroup;
			children = (
				231BFE462ACA93A000B60737 /* Helpers */,
				231BFE3F2ACA917200B60737 /* MapViewUpdated.swift */,
				237B5C322ACB369800F35311 /* TrainingMap.swift */,
			);
			path = View;
			sourceTree = "<group>";
		};
		231BFE412ACA92AC00B60737 /* Model */ = {
			isa = PBXGroup;
			children = (
				231BFE422ACA92C200B60737 /* CFAddressList.swift */,
			);
			path = Model;
			sourceTree = "<group>";
		};
		231BFE462ACA93A000B60737 /* Helpers */ = {
			isa = PBXGroup;
			children = (
				231BFE472ACA93B500B60737 /* Extenstions.swift */,
			);
			path = Helpers;
			sourceTree = "<group>";
		};
		231BFE492ACA93D500B60737 /* Search */ = {
			isa = PBXGroup;
			children = (
				BED02D0A2A9617E9007DEE6D /* MapView.swift */,
				BE17D1F92A98A5C100FB5054 /* sample.swift */,
			);
			path = Search;
			sourceTree = "<group>";
		};
		237B5C342ACB386B00F35311 /* Map01 */ = {
			isa = PBXGroup;
			children = (
				237B5C362ACB388F00F35311 /* View */,
				237B5C352ACB388B00F35311 /* ViewModel */,
			);
			path = Map01;
			sourceTree = "<group>";
		};
		237B5C352ACB388B00F35311 /* ViewModel */ = {
			isa = PBXGroup;
			children = (
				237B5C392ACB3A1600F35311 /* LocationManager1.swift */,
			);
			path = ViewModel;
			sourceTree = "<group>";
		};
		237B5C362ACB388F00F35311 /* View */ = {
			isa = PBXGroup;
			children = (
				237B5C372ACB389D00F35311 /* SearchView1.swift */,
			);
			path = View;
			sourceTree = "<group>";
		};
		237B5CB42ACC369E00F35311 /* Map02 */ = {
			isa = PBXGroup;
			children = (
				237B5CB62ACC36B200F35311 /* ViewModel */,
				237B5CB52ACC36AB00F35311 /* View */,
			);
			path = Map02;
			sourceTree = "<group>";
		};
		237B5CB52ACC36AB00F35311 /* View */ = {
			isa = PBXGroup;
			children = (
				237B5CB92ACC36C600F35311 /* LocationDetailsView.swift */,
				237B5CBA2ACC36C700F35311 /* SearchView.swift */,
			);
			path = View;
			sourceTree = "<group>";
		};
		237B5CB62ACC36B200F35311 /* ViewModel */ = {
			isa = PBXGroup;
			children = (
				237B5CB72ACC36BD00F35311 /* LocationManager.swift */,
			);
			path = ViewModel;
			sourceTree = "<group>";
		};
		238B6B072AE5412F0076087B /* MenuRoundedPanel01 */ = {
			isa = PBXGroup;
			children = (
				238B6B092AE541760076087B /* Model */,
				238B6B082AE5413E0076087B /* View */,
			);
			path = MenuRoundedPanel01;
			sourceTree = "<group>";
		};
		238B6B082AE5413E0076087B /* View */ = {
			isa = PBXGroup;
			children = (
				238B6B052AE53DB70076087B /* MainMenuRoundedPanel.swift */,
			);
			path = View;
			sourceTree = "<group>";
		};
		238B6B092AE541760076087B /* Model */ = {
			isa = PBXGroup;
			children = (
				238B6B0A2AE5418B0076087B /* MenuElementModel01.swift */,
			);
			path = Model;
			sourceTree = "<group>";
		};
		23A4FE322AC467E3004D20CD /* Introduction  */ = {
			isa = PBXGroup;
			children = (
				23A4FE342AC467FA004D20CD /* View */,
				23A4FE332AC467F5004D20CD /* Model */,
			);
			path = "Introduction ";
			sourceTree = "<group>";
		};
		23A4FE332AC467F5004D20CD /* Model */ = {
			isa = PBXGroup;
			children = (
				23A4FE3B2AC46883004D20CD /* PageIntro.swift */,
			);
			path = Model;
			sourceTree = "<group>";
		};
		23A4FE342AC467FA004D20CD /* View */ = {
			isa = PBXGroup;
			children = (
				23A4FE352AC4682E004D20CD /* GuideView.swift */,
				23A4FE372AC46848004D20CD /* CustomTextField.swift */,
				23A4FE392AC4686E004D20CD /* CustomIndicator.swift */,
			);
			path = View;
			sourceTree = "<group>";
		};
		23A4FE3D2AC4699B004D20CD /* CoffeeShopProfile */ = {
			isa = PBXGroup;
			children = (
				23E9D6CD2AD1A3B10044A47F /* CoffeeShopImageScroll */,
				23A4FE662ACA1D40004D20CD /* CoffeeScroll */,
				23A4FE412AC58808004D20CD /* Model */,
				23A4FE3E2AC469EE004D20CD /* View */,
			);
			path = CoffeeShopProfile;
			sourceTree = "<group>";
		};
		23A4FE3E2AC469EE004D20CD /* View */ = {
			isa = PBXGroup;
			children = (
				2311E8DD2ABD5BCF00868F63 /* CoffeeShopProfile.swift */,
			);
			path = View;
			sourceTree = "<group>";
		};
		23A4FE412AC58808004D20CD /* Model */ = {
			isa = PBXGroup;
			children = (
				23A4FE422AC58821004D20CD /* Coffee.swift */,
				23E9D6D12AD1A4900044A47F /* CoffeeShopImageModel.swift */,
			);
			path = Model;
			sourceTree = "<group>";
		};
		23A4FE522AC96113004D20CD /* FeatureTools */ = {
			isa = PBXGroup;
			children = (
				2303C6162AFF9C9800C66365 /* Voucher */,
				2303C6192AFF9CE800C66365 /* InfiniteScroll */,
				23E510132AE9400F006C03A4 /* ProgressBar */,
				2311E8F12ABE073E00868F63 /* CustomPagingSlider.swift */,
				23A4FE532AC9613E004D20CD /* CustomCarousel.swift */,
				23E9D6C52AD0905F0044A47F /* CardShape.swift */,
			);
			path = FeatureTools;
			sourceTree = "<group>";
		};
		23A4FE662ACA1D40004D20CD /* CoffeeScroll */ = {
			isa = PBXGroup;
			children = (
				23A4FE672ACA1D57004D20CD /* CoffeesScroll.swift */,
			);
			path = CoffeeScroll;
			sourceTree = "<group>";
		};
		23E5100A2AE91BC7006C03A4 /* MenuRoundedPanel02 */ = {
			isa = PBXGroup;
			children = (
				23E5100C2AE91C05006C03A4 /* View */,
				23E5100B2AE91C00006C03A4 /* Model */,
			);
			path = MenuRoundedPanel02;
			sourceTree = "<group>";
		};
		23E5100B2AE91C00006C03A4 /* Model */ = {
			isa = PBXGroup;
			children = (
				23E5100D2AE91C1A006C03A4 /* MenuElementModel02.swift */,
			);
			path = Model;
			sourceTree = "<group>";
		};
		23E5100C2AE91C05006C03A4 /* View */ = {
			isa = PBXGroup;
			children = (
				23E5100F2AE91C29006C03A4 /* MainMenuRoundedPanel02.swift */,
			);
			path = View;
			sourceTree = "<group>";
		};
		23E510132AE9400F006C03A4 /* ProgressBar */ = {
			isa = PBXGroup;
			children = (
				23E510112AE93B22006C03A4 /* ProgressMeter.swift */,
				23E510142AE94029006C03A4 /* ProgressBar.swift */,
			);
			path = ProgressBar;
			sourceTree = "<group>";
		};
		23E510162AE98706006C03A4 /* Reward04 */ = {
			isa = PBXGroup;
			children = (
				23E510182AE98713006C03A4 /* Model */,
				23E510172AE9870B006C03A4 /* View */,
			);
			path = Reward04;
			sourceTree = "<group>";
		};
		23E510172AE9870B006C03A4 /* View */ = {
			isa = PBXGroup;
			children = (
				23E407652AEA6C60008ABD48 /* MenuReward04.swift */,
			);
			path = View;
			sourceTree = "<group>";
		};
		23E510182AE98713006C03A4 /* Model */ = {
			isa = PBXGroup;
			children = (
			);
			path = Model;
			sourceTree = "<group>";
		};
		23E9A1502AE513C500494951 /* LockSwiftUIView */ = {
			isa = PBXGroup;
			children = (
				23E9A1512AE5149D00494951 /* View */,
			);
			path = LockSwiftUIView;
			sourceTree = "<group>";
		};
		23E9A1512AE5149D00494951 /* View */ = {
			isa = PBXGroup;
			children = (
				23E9A1522AE514AF00494951 /* LockView.swift */,
				23E9A1542AE5181600494951 /* PINView.swift */,
			);
			path = View;
			sourceTree = "<group>";
		};
		23E9D6C12AD08F9A0044A47F /* SubscriptionCard */ = {
			isa = PBXGroup;
			children = (
				23E9D6CC2AD127920044A47F /* Model */,
				23E9D6C22AD08FAD0044A47F /* View */,
			);
			path = SubscriptionCard;
			sourceTree = "<group>";
		};
		23E9D6C22AD08FAD0044A47F /* View */ = {
			isa = PBXGroup;
			children = (
				23E9D6BA2AD02FA70044A47F /* SubscriptionCard1_Front.swift */,
				23E9D6BF2AD081A30044A47F /* SubscriptionCard2_Front.swift */,
				23E9D6C32AD0902C0044A47F /* SubscriptionCard1_Back.swift */,
			);
			path = View;
			sourceTree = "<group>";
		};
		23E9D6C72AD0C0B20044A47F /* Fonts */ = {
			isa = PBXGroup;
			children = (
				23E9D6CA2AD0CC560044A47F /* CREDC___.ttf */,
			);
			path = Fonts;
			sourceTree = "<group>";
		};
		23E9D6CC2AD127920044A47F /* Model */ = {
			isa = PBXGroup;
			children = (
				23E9D6BC2AD035530044A47F /* SubscriptionCardModel.swift */,
			);
			path = Model;
			sourceTree = "<group>";
		};
		23E9D6CD2AD1A3B10044A47F /* CoffeeShopImageScroll */ = {
			isa = PBXGroup;
			children = (
				23E9D6CE2AD1A3C90044A47F /* CoffeeShopImageScroll.swift */,
			);
			path = CoffeeShopImageScroll;
			sourceTree = "<group>";
		};
		BE1656232A93AFC1003CBE8C = {
			isa = PBXGroup;
			children = (
				BE16562E2A93AFC1003CBE8C /* appta */,
				BE16563F2A93AFC2003CBE8C /* apptaTests */,
				BE1656492A93AFC2003CBE8C /* apptaUITests */,
				BE16562D2A93AFC1003CBE8C /* Products */,
			);
			sourceTree = "<group>";
		};
		BE16562D2A93AFC1003CBE8C /* Products */ = {
			isa = PBXGroup;
			children = (
				BE16562C2A93AFC1003CBE8C /* appta.app */,
				BE16563C2A93AFC2003CBE8C /* apptaTests.xctest */,
				BE1656462A93AFC2003CBE8C /* apptaUITests.xctest */,
			);
			name = Products;
			sourceTree = "<group>";
		};
		BE16562E2A93AFC1003CBE8C /* appta */ = {
			isa = PBXGroup;
			children = (
				23E9A1502AE513C500494951 /* LockSwiftUIView */,
				23E9D6C72AD0C0B20044A47F /* Fonts */,
				237B5CB42ACC369E00F35311 /* Map02 */,
				237B5C342ACB386B00F35311 /* Map01 */,
				23A4FE522AC96113004D20CD /* FeatureTools */,
				23A4FE3D2AC4699B004D20CD /* CoffeeShopProfile */,
				23A4FE322AC467E3004D20CD /* Introduction  */,
				BED02CFB2A9603D6007DEE6D /* HomeView */,
				BED02CFE2A960404007DEE6D /* Map */,
				BED02CFF2A960412007DEE6D /* Qrcode */,
				BED02CFD2A9603F7007DEE6D /* Subscriptions */,
				BED02CFA2A9603C8007DEE6D /* Profile */,
				BE9BBC192A940A7E00B0C05D /* resources */,
				BE9BBC142A9407E100B0C05D /* model */,
				BE1656332A93AFC1003CBE8C /* Assets.xcassets */,
				BE1656352A93AFC1003CBE8C /* Preview Content */,
				23E9D6CB2AD0CE7C0044A47F /* Info.plist */,
			);
			path = appta;
			sourceTree = "<group>";
		};
		BE1656352A93AFC1003CBE8C /* Preview Content */ = {
			isa = PBXGroup;
			children = (
				BE1656362A93AFC1003CBE8C /* Preview Assets.xcassets */,
			);
			path = "Preview Content";
			sourceTree = "<group>";
		};
		BE16563F2A93AFC2003CBE8C /* apptaTests */ = {
			isa = PBXGroup;
			children = (
				BE1656402A93AFC2003CBE8C /* apptaTests.swift */,
			);
			path = apptaTests;
			sourceTree = "<group>";
		};
		BE1656492A93AFC2003CBE8C /* apptaUITests */ = {
			isa = PBXGroup;
			children = (
				BE16564A2A93AFC2003CBE8C /* apptaUITests.swift */,
				BE16564C2A93AFC2003CBE8C /* apptaUITestsLaunchTests.swift */,
			);
			path = apptaUITests;
			sourceTree = "<group>";
		};
		BE9BBC142A9407E100B0C05D /* model */ = {
			isa = PBXGroup;
			children = (
				BE9BBC152A9407F300B0C05D /* ModelData.swift */,
				BE9BBC172A94080400B0C05D /* CoffeeShop.swift */,
			);
			path = model;
			sourceTree = "<group>";
		};
		BE9BBC192A940A7E00B0C05D /* resources */ = {
			isa = PBXGroup;
			children = (
				BED02CEE2A940B48007DEE6D /* coffeeshops.json */,
			);
			path = resources;
			sourceTree = "<group>";
		};
		BED02CFA2A9603C8007DEE6D /* Profile */ = {
			isa = PBXGroup;
			children = (
				BED02D0E2A9617FF007DEE6D /* ProfileView.swift */,
				2303C6142AFE3B0700C66365 /* ProfileViewAssylzhan.swift */,
			);
			path = Profile;
			sourceTree = "<group>";
		};
		BED02CFB2A9603D6007DEE6D /* HomeView */ = {
			isa = PBXGroup;
			children = (
				2303C6272AFFA46E00C66365 /* Home */,
				2303C6262AFFA45C00C66365 /* MenuRoundedPanel */,
				2303C6252AFFA44300C66365 /* Reward */,
				BE2F0C232AAED3F70089FD6A /* hehehe.mp4 */,
			);
			path = HomeView;
			sourceTree = "<group>";
		};
		BED02CFD2A9603F7007DEE6D /* Subscriptions */ = {
			isa = PBXGroup;
			children = (
				23E9D6C12AD08F9A0044A47F /* SubscriptionCard */,
				BED02D0C2A9617F3007DEE6D /* SubscriptionView.swift */,
				2311E8EE2ABE070400868F63 /* SubscriptionUpdatedView.swift */,
			);
			path = Subscriptions;
			sourceTree = "<group>";
		};
		BED02CFE2A960404007DEE6D /* Map */ = {
			isa = PBXGroup;
			children = (
				231BFE492ACA93D500B60737 /* Search */,
				231BFE412ACA92AC00B60737 /* Model */,
				231BFE3E2ACA915700B60737 /* View */,
			);
			path = Map;
			sourceTree = "<group>";
		};
		BED02CFF2A960412007DEE6D /* Qrcode */ = {
			isa = PBXGroup;
			children = (
				BED02D102A961AB6007DEE6D /* QrcodeView.swift */,
			);
			path = Qrcode;
			sourceTree = "<group>";
		};
/* End PBXGroup section */

/* Begin PBXNativeTarget section */
		BE16562B2A93AFC1003CBE8C /* appta */ = {
			isa = PBXNativeTarget;
			buildConfigurationList = BE1656502A93AFC2003CBE8C /* Build configuration list for PBXNativeTarget "appta" */;
			buildPhases = (
				BE1656282A93AFC1003CBE8C /* Sources */,
				BE1656292A93AFC1003CBE8C /* Frameworks */,
				BE16562A2A93AFC1003CBE8C /* Resources */,
			);
			buildRules = (
			);
			dependencies = (
			);
			name = appta;
			packageProductDependencies = (
				BEF004182A963547008CEAAD /* CodeScanner */,
			);
			productName = appta;
			productReference = BE16562C2A93AFC1003CBE8C /* appta.app */;
			productType = "com.apple.product-type.application";
		};
		BE16563B2A93AFC2003CBE8C /* apptaTests */ = {
			isa = PBXNativeTarget;
			buildConfigurationList = BE1656532A93AFC2003CBE8C /* Build configuration list for PBXNativeTarget "apptaTests" */;
			buildPhases = (
				BE1656382A93AFC2003CBE8C /* Sources */,
				BE1656392A93AFC2003CBE8C /* Frameworks */,
				BE16563A2A93AFC2003CBE8C /* Resources */,
			);
			buildRules = (
			);
			dependencies = (
				BE16563E2A93AFC2003CBE8C /* PBXTargetDependency */,
			);
			name = apptaTests;
			productName = apptaTests;
			productReference = BE16563C2A93AFC2003CBE8C /* apptaTests.xctest */;
			productType = "com.apple.product-type.bundle.unit-test";
		};
		BE1656452A93AFC2003CBE8C /* apptaUITests */ = {
			isa = PBXNativeTarget;
			buildConfigurationList = BE1656562A93AFC2003CBE8C /* Build configuration list for PBXNativeTarget "apptaUITests" */;
			buildPhases = (
				BE1656422A93AFC2003CBE8C /* Sources */,
				BE1656432A93AFC2003CBE8C /* Frameworks */,
				BE1656442A93AFC2003CBE8C /* Resources */,
			);
			buildRules = (
			);
			dependencies = (
				BE1656482A93AFC2003CBE8C /* PBXTargetDependency */,
			);
			name = apptaUITests;
			productName = apptaUITests;
			productReference = BE1656462A93AFC2003CBE8C /* apptaUITests.xctest */;
			productType = "com.apple.product-type.bundle.ui-testing";
		};
/* End PBXNativeTarget section */

/* Begin PBXProject section */
		BE1656242A93AFC1003CBE8C /* Project object */ = {
			isa = PBXProject;
			attributes = {
				BuildIndependentTargetsInParallel = 1;
				LastSwiftUpdateCheck = 1430;
				LastUpgradeCheck = 1500;
				TargetAttributes = {
					BE16562B2A93AFC1003CBE8C = {
						CreatedOnToolsVersion = 14.3.1;
					};
					BE16563B2A93AFC2003CBE8C = {
						CreatedOnToolsVersion = 14.3.1;
						TestTargetID = BE16562B2A93AFC1003CBE8C;
					};
					BE1656452A93AFC2003CBE8C = {
						CreatedOnToolsVersion = 14.3.1;
						TestTargetID = BE16562B2A93AFC1003CBE8C;
					};
				};
			};
			buildConfigurationList = BE1656272A93AFC1003CBE8C /* Build configuration list for PBXProject "appta" */;
			compatibilityVersion = "Xcode 14.0";
			developmentRegion = en;
			hasScannedForEncodings = 0;
			knownRegions = (
				en,
				Base,
			);
			mainGroup = BE1656232A93AFC1003CBE8C;
			packageReferences = (
				BEF004172A963546008CEAAD /* XCRemoteSwiftPackageReference "CodeScanner" */,
			);
			productRefGroup = BE16562D2A93AFC1003CBE8C /* Products */;
			projectDirPath = "";
			projectRoot = "";
			targets = (
				BE16562B2A93AFC1003CBE8C /* appta */,
				BE16563B2A93AFC2003CBE8C /* apptaTests */,
				BE1656452A93AFC2003CBE8C /* apptaUITests */,
			);
		};
/* End PBXProject section */

/* Begin PBXResourcesBuildPhase section */
		BE16562A2A93AFC1003CBE8C /* Resources */ = {
			isa = PBXResourcesBuildPhase;
			buildActionMask = 2147483647;
			files = (
				BE2F0C242AAED4790089FD6A /* hehehe.mp4 in Resources */,
				BED02CEF2A940B48007DEE6D /* coffeeshops.json in Resources */,
				BE1656372A93AFC1003CBE8C /* Preview Assets.xcassets in Resources */,
				BE1656342A93AFC1003CBE8C /* Assets.xcassets in Resources */,
			);
			runOnlyForDeploymentPostprocessing = 0;
		};
		BE16563A2A93AFC2003CBE8C /* Resources */ = {
			isa = PBXResourcesBuildPhase;
			buildActionMask = 2147483647;
			files = (
			);
			runOnlyForDeploymentPostprocessing = 0;
		};
		BE1656442A93AFC2003CBE8C /* Resources */ = {
			isa = PBXResourcesBuildPhase;
			buildActionMask = 2147483647;
			files = (
			);
			runOnlyForDeploymentPostprocessing = 0;
		};
/* End PBXResourcesBuildPhase section */

/* Begin PBXSourcesBuildPhase section */
		BE1656282A93AFC1003CBE8C /* Sources */ = {
			isa = PBXSourcesBuildPhase;
			buildActionMask = 2147483647;
			files = (
				23A4FE682ACA1D57004D20CD /* CoffeesScroll.swift in Sources */,
				2316A30A2AE6E5BC0078BFB8 /* RewardCarouselView.swift in Sources */,
				2303C62C2AFFA89900C66365 /* MenuRoundedPanel03.swift in Sources */,
				23E9D6C62AD0905F0044A47F /* CardShape.swift in Sources */,
				23E407662AEA6C60008ABD48 /* MenuReward04.swift in Sources */,
				BEFBB8E92AA74EBF00896A83 /* NavigationBar.swift in Sources */,
				23A4FE542AC9613E004D20CD /* CustomCarousel.swift in Sources */,
				23E5100E2AE91C1A006C03A4 /* MenuElementModel02.swift in Sources */,
				BEFBB8E12AA6A8B500896A83 /* CategoryItemStory.swift in Sources */,
				BED02D112A961AB6007DEE6D /* QrcodeView.swift in Sources */,
				23A4FE3A2AC4686E004D20CD /* CustomIndicator.swift in Sources */,
				23E9D6D22AD1A4900044A47F /* CoffeeShopImageModel.swift in Sources */,
				237B5C3A2ACB3A1600F35311 /* LocationManager1.swift in Sources */,
				23E510122AE93B22006C03A4 /* ProgressMeter.swift in Sources */,
				BE2F305C2A93D9C6009E72DC /* ApptaView.swift in Sources */,
				23A4FE362AC4682E004D20CD /* GuideView.swift in Sources */,
				2303C6182AFF9CA700C66365 /* Voucher.swift in Sources */,
				237B5C382ACB389D00F35311 /* SearchView1.swift in Sources */,
				238B6B0B2AE5418B0076087B /* MenuElementModel01.swift in Sources */,
				BED02D0F2A9617FF007DEE6D /* ProfileView.swift in Sources */,
				23A4FE382AC46848004D20CD /* CustomTextField.swift in Sources */,
				2303C61D2AFF9D1500C66365 /* InfiniteCarousel.swift in Sources */,
				231BFE402ACA917200B60737 /* MapViewUpdated.swift in Sources */,
				BED02CF72A94168B007DEE6D /* CategoryItem.swift in Sources */,
				23E9D6BB2AD02FA70044A47F /* SubscriptionCard1_Front.swift in Sources */,
				2316A3172AE8EC7B0078BFB8 /* MenuRewardModel03.swift in Sources */,
				23A4FE432AC58821004D20CD /* Coffee.swift in Sources */,
				BE9BBC162A9407F300B0C05D /* ModelData.swift in Sources */,
				BED02D0B2A9617E9007DEE6D /* MapView.swift in Sources */,
				23E510102AE91C29006C03A4 /* MainMenuRoundedPanel02.swift in Sources */,
				BE2F0C262AAEDBBA0089FD6A /* CarouselView.swift in Sources */,
				BEFBB8E32AA6AA0300896A83 /* CategoryRowStory.swift in Sources */,
				2311E8F22ABE073E00868F63 /* CustomPagingSlider.swift in Sources */,
				237B5CBB2ACC36C700F35311 /* LocationDetailsView.swift in Sources */,
				23E9A1532AE514AF00494951 /* LockView.swift in Sources */,
				BED02D092A960AB1007DEE6D /* HomeView.swift in Sources */,
				2311E8EF2ABE070400868F63 /* SubscriptionUpdatedView.swift in Sources */,
				237B5C332ACB369800F35311 /* TrainingMap.swift in Sources */,
				23A4FE3C2AC46883004D20CD /* PageIntro.swift in Sources */,
				231BFE432ACA92C200B60737 /* CFAddressList.swift in Sources */,
				23E9D6CF2AD1A3C90044A47F /* CoffeeShopImageScroll.swift in Sources */,
				BED02D0D2A9617F3007DEE6D /* SubscriptionView.swift in Sources */,
				2303C6232AFF9D7D00C66365 /* InfiniteCarouselModel.swift in Sources */,
				2303C6332AFFB94A00C66365 /* MenuRoundedPanelModel04.swift in Sources */,
				23E9D6BD2AD035530044A47F /* SubscriptionCardModel.swift in Sources */,
				2316A3082AE6E4200078BFB8 /* RewardCarouselModel.swift in Sources */,
				2316A3122AE7C8550078BFB8 /* MenuReward02.swift in Sources */,
				2303C6152AFE3B0700C66365 /* ProfileViewAssylzhan.swift in Sources */,
				23E9D6C02AD081A30044A47F /* SubscriptionCard2_Front.swift in Sources */,
				BE9BBC182A94080400B0C05D /* CoffeeShop.swift in Sources */,
				2316A3192AE8EDCE0078BFB8 /* MenuReward03.swift in Sources */,
				238B6B062AE53DB70076087B /* MainMenuRoundedPanel.swift in Sources */,
				BE2F30582A93D89D009E72DC /* ContentView.swift in Sources */,
				2311E8DE2ABD5BCF00868F63 /* CoffeeShopProfile.swift in Sources */,
				23E9D6C42AD0902C0044A47F /* SubscriptionCard1_Back.swift in Sources */,
				231BFE482ACA93B500B60737 /* Extenstions.swift in Sources */,
				2303C6212AFF9D4E00C66365 /* OffsetKey.swift in Sources */,
				2303C6312AFFB71300C66365 /* MenuRoundedPanel04.swift in Sources */,
				2303C61F2AFF9D3600C66365 /* PageControl.swift in Sources */,
				BE17D1FA2A98A5C100FB5054 /* sample.swift in Sources */,
				23E9A1552AE5181600494951 /* PINView.swift in Sources */,
				237B5CBC2ACC36C700F35311 /* SearchView.swift in Sources */,
				BEFBB8E72AA6F0B100896A83 /* DarkeningScrollView.swift in Sources */,
				BED02CF92A9416DA007DEE6D /* CategoryRow.swift in Sources */,
				BE2F305A2A93D926009E72DC /* CustomTabBar.swift in Sources */,
				237B5CB82ACC36BD00F35311 /* LocationManager.swift in Sources */,
				23E510152AE94029006C03A4 /* ProgressBar.swift in Sources */,
				2316A3102AE7C1C50078BFB8 /* MenuRewardModel02.swift in Sources */,
			);
			runOnlyForDeploymentPostprocessing = 0;
		};
		BE1656382A93AFC2003CBE8C /* Sources */ = {
			isa = PBXSourcesBuildPhase;
			buildActionMask = 2147483647;
			files = (
				BE1656412A93AFC2003CBE8C /* apptaTests.swift in Sources */,
			);
			runOnlyForDeploymentPostprocessing = 0;
		};
		BE1656422A93AFC2003CBE8C /* Sources */ = {
			isa = PBXSourcesBuildPhase;
			buildActionMask = 2147483647;
			files = (
				BE16564B2A93AFC2003CBE8C /* apptaUITests.swift in Sources */,
				BE16564D2A93AFC2003CBE8C /* apptaUITestsLaunchTests.swift in Sources */,
			);
			runOnlyForDeploymentPostprocessing = 0;
		};
/* End PBXSourcesBuildPhase section */

/* Begin PBXTargetDependency section */
		BE16563E2A93AFC2003CBE8C /* PBXTargetDependency */ = {
			isa = PBXTargetDependency;
			target = BE16562B2A93AFC1003CBE8C /* appta */;
			targetProxy = BE16563D2A93AFC2003CBE8C /* PBXContainerItemProxy */;
		};
		BE1656482A93AFC2003CBE8C /* PBXTargetDependency */ = {
			isa = PBXTargetDependency;
			target = BE16562B2A93AFC1003CBE8C /* appta */;
			targetProxy = BE1656472A93AFC2003CBE8C /* PBXContainerItemProxy */;
		};
/* End PBXTargetDependency section */

/* Begin XCBuildConfiguration section */
		BE16564E2A93AFC2003CBE8C /* Debug */ = {
			isa = XCBuildConfiguration;
			buildSettings = {
				ALWAYS_SEARCH_USER_PATHS = NO;
				CLANG_ANALYZER_NONNULL = YES;
				CLANG_ANALYZER_NUMBER_OBJECT_CONVERSION = YES_AGGRESSIVE;
				CLANG_CXX_LANGUAGE_STANDARD = "gnu++20";
				CLANG_ENABLE_MODULES = YES;
				CLANG_ENABLE_OBJC_ARC = YES;
				CLANG_ENABLE_OBJC_WEAK = YES;
				CLANG_WARN_BLOCK_CAPTURE_AUTORELEASING = YES;
				CLANG_WARN_BOOL_CONVERSION = YES;
				CLANG_WARN_COMMA = YES;
				CLANG_WARN_CONSTANT_CONVERSION = YES;
				CLANG_WARN_DEPRECATED_OBJC_IMPLEMENTATIONS = YES;
				CLANG_WARN_DIRECT_OBJC_ISA_USAGE = YES_ERROR;
				CLANG_WARN_DOCUMENTATION_COMMENTS = YES;
				CLANG_WARN_EMPTY_BODY = YES;
				CLANG_WARN_ENUM_CONVERSION = YES;
				CLANG_WARN_INFINITE_RECURSION = YES;
				CLANG_WARN_INT_CONVERSION = YES;
				CLANG_WARN_NON_LITERAL_NULL_CONVERSION = YES;
				CLANG_WARN_OBJC_IMPLICIT_RETAIN_SELF = YES;
				CLANG_WARN_OBJC_LITERAL_CONVERSION = YES;
				CLANG_WARN_OBJC_ROOT_CLASS = YES_ERROR;
				CLANG_WARN_QUOTED_INCLUDE_IN_FRAMEWORK_HEADER = YES;
				CLANG_WARN_RANGE_LOOP_ANALYSIS = YES;
				CLANG_WARN_STRICT_PROTOTYPES = YES;
				CLANG_WARN_SUSPICIOUS_MOVE = YES;
				CLANG_WARN_UNGUARDED_AVAILABILITY = YES_AGGRESSIVE;
				CLANG_WARN_UNREACHABLE_CODE = YES;
				CLANG_WARN__DUPLICATE_METHOD_MATCH = YES;
				COPY_PHASE_STRIP = NO;
				DEBUG_INFORMATION_FORMAT = dwarf;
				ENABLE_STRICT_OBJC_MSGSEND = YES;
				ENABLE_TESTABILITY = YES;
				ENABLE_USER_SCRIPT_SANDBOXING = YES;
				GCC_C_LANGUAGE_STANDARD = gnu11;
				GCC_DYNAMIC_NO_PIC = NO;
				GCC_NO_COMMON_BLOCKS = YES;
				GCC_OPTIMIZATION_LEVEL = 0;
				GCC_PREPROCESSOR_DEFINITIONS = (
					"DEBUG=1",
					"$(inherited)",
				);
				GCC_WARN_64_TO_32_BIT_CONVERSION = YES;
				GCC_WARN_ABOUT_RETURN_TYPE = YES_ERROR;
				GCC_WARN_UNDECLARED_SELECTOR = YES;
				GCC_WARN_UNINITIALIZED_AUTOS = YES_AGGRESSIVE;
				GCC_WARN_UNUSED_FUNCTION = YES;
				GCC_WARN_UNUSED_VARIABLE = YES;
				IPHONEOS_DEPLOYMENT_TARGET = 17.0;
				MTL_ENABLE_DEBUG_INFO = INCLUDE_SOURCE;
				MTL_FAST_MATH = YES;
				ONLY_ACTIVE_ARCH = YES;
				SDKROOT = iphoneos;
				SWIFT_ACTIVE_COMPILATION_CONDITIONS = DEBUG;
				SWIFT_OPTIMIZATION_LEVEL = "-Onone";
			};
			name = Debug;
		};
		BE16564F2A93AFC2003CBE8C /* Release */ = {
			isa = XCBuildConfiguration;
			buildSettings = {
				ALWAYS_SEARCH_USER_PATHS = NO;
				CLANG_ANALYZER_NONNULL = YES;
				CLANG_ANALYZER_NUMBER_OBJECT_CONVERSION = YES_AGGRESSIVE;
				CLANG_CXX_LANGUAGE_STANDARD = "gnu++20";
				CLANG_ENABLE_MODULES = YES;
				CLANG_ENABLE_OBJC_ARC = YES;
				CLANG_ENABLE_OBJC_WEAK = YES;
				CLANG_WARN_BLOCK_CAPTURE_AUTORELEASING = YES;
				CLANG_WARN_BOOL_CONVERSION = YES;
				CLANG_WARN_COMMA = YES;
				CLANG_WARN_CONSTANT_CONVERSION = YES;
				CLANG_WARN_DEPRECATED_OBJC_IMPLEMENTATIONS = YES;
				CLANG_WARN_DIRECT_OBJC_ISA_USAGE = YES_ERROR;
				CLANG_WARN_DOCUMENTATION_COMMENTS = YES;
				CLANG_WARN_EMPTY_BODY = YES;
				CLANG_WARN_ENUM_CONVERSION = YES;
				CLANG_WARN_INFINITE_RECURSION = YES;
				CLANG_WARN_INT_CONVERSION = YES;
				CLANG_WARN_NON_LITERAL_NULL_CONVERSION = YES;
				CLANG_WARN_OBJC_IMPLICIT_RETAIN_SELF = YES;
				CLANG_WARN_OBJC_LITERAL_CONVERSION = YES;
				CLANG_WARN_OBJC_ROOT_CLASS = YES_ERROR;
				CLANG_WARN_QUOTED_INCLUDE_IN_FRAMEWORK_HEADER = YES;
				CLANG_WARN_RANGE_LOOP_ANALYSIS = YES;
				CLANG_WARN_STRICT_PROTOTYPES = YES;
				CLANG_WARN_SUSPICIOUS_MOVE = YES;
				CLANG_WARN_UNGUARDED_AVAILABILITY = YES_AGGRESSIVE;
				CLANG_WARN_UNREACHABLE_CODE = YES;
				CLANG_WARN__DUPLICATE_METHOD_MATCH = YES;
				COPY_PHASE_STRIP = NO;
				DEBUG_INFORMATION_FORMAT = "dwarf-with-dsym";
				ENABLE_NS_ASSERTIONS = NO;
				ENABLE_STRICT_OBJC_MSGSEND = YES;
				ENABLE_USER_SCRIPT_SANDBOXING = YES;
				GCC_C_LANGUAGE_STANDARD = gnu11;
				GCC_NO_COMMON_BLOCKS = YES;
				GCC_WARN_64_TO_32_BIT_CONVERSION = YES;
				GCC_WARN_ABOUT_RETURN_TYPE = YES_ERROR;
				GCC_WARN_UNDECLARED_SELECTOR = YES;
				GCC_WARN_UNINITIALIZED_AUTOS = YES_AGGRESSIVE;
				GCC_WARN_UNUSED_FUNCTION = YES;
				GCC_WARN_UNUSED_VARIABLE = YES;
				IPHONEOS_DEPLOYMENT_TARGET = 17.0;
				MTL_ENABLE_DEBUG_INFO = NO;
				MTL_FAST_MATH = YES;
				SDKROOT = iphoneos;
				SWIFT_COMPILATION_MODE = wholemodule;
				SWIFT_OPTIMIZATION_LEVEL = "-O";
				VALIDATE_PRODUCT = YES;
			};
			name = Release;
		};
		BE1656512A93AFC2003CBE8C /* Debug */ = {
			isa = XCBuildConfiguration;
			buildSettings = {
				ASSETCATALOG_COMPILER_APPICON_NAME = AppIcon;
				ASSETCATALOG_COMPILER_GLOBAL_ACCENT_COLOR_NAME = AccentColor;
				CODE_SIGN_STYLE = Automatic;
				CURRENT_PROJECT_VERSION = 1;
				DEVELOPMENT_ASSET_PATHS = "\"appta/Preview Content\"";
				DEVELOPMENT_TEAM = MF359GND8P;
				ENABLE_PREVIEWS = YES;
				GENERATE_INFOPLIST_FILE = YES;
				INFOPLIST_FILE = appta/Info.plist;
				INFOPLIST_KEY_NSCameraUsageDescription = "We need the camera to scan QR codes.";
				INFOPLIST_KEY_NSFaceIDUsageDescription = "";
				INFOPLIST_KEY_NSLocationAlwaysUsageDescription = "We would like to use your location in order to provide map services";
				INFOPLIST_KEY_UIApplicationSceneManifest_Generation = YES;
				INFOPLIST_KEY_UIApplicationSupportsIndirectInputEvents = YES;
				INFOPLIST_KEY_UILaunchScreen_Generation = YES;
				INFOPLIST_KEY_UISupportedInterfaceOrientations_iPad = "UIInterfaceOrientationPortrait UIInterfaceOrientationPortraitUpsideDown UIInterfaceOrientationLandscapeLeft UIInterfaceOrientationLandscapeRight";
				INFOPLIST_KEY_UISupportedInterfaceOrientations_iPhone = "UIInterfaceOrientationPortrait UIInterfaceOrientationLandscapeLeft UIInterfaceOrientationLandscapeRight";
				IPHONEOS_DEPLOYMENT_TARGET = 17.0;
				LD_RUNPATH_SEARCH_PATHS = (
					"$(inherited)",
					"@executable_path/Frameworks",
				);
				MARKETING_VERSION = 1.0;
				PRODUCT_BUNDLE_IDENTIFIER = andersonscat.appta;
				PRODUCT_NAME = "$(TARGET_NAME)";
				SWIFT_EMIT_LOC_STRINGS = YES;
				SWIFT_VERSION = 5.0;
				TARGETED_DEVICE_FAMILY = "1,2";
			};
			name = Debug;
		};
		BE1656522A93AFC2003CBE8C /* Release */ = {
			isa = XCBuildConfiguration;
			buildSettings = {
				ASSETCATALOG_COMPILER_APPICON_NAME = AppIcon;
				ASSETCATALOG_COMPILER_GLOBAL_ACCENT_COLOR_NAME = AccentColor;
				CODE_SIGN_STYLE = Automatic;
				CURRENT_PROJECT_VERSION = 1;
				DEVELOPMENT_ASSET_PATHS = "\"appta/Preview Content\"";
				DEVELOPMENT_TEAM = MF359GND8P;
				ENABLE_PREVIEWS = YES;
				GENERATE_INFOPLIST_FILE = YES;
				INFOPLIST_FILE = appta/Info.plist;
				INFOPLIST_KEY_NSCameraUsageDescription = "We need the camera to scan QR codes.";
				INFOPLIST_KEY_NSFaceIDUsageDescription = "";
				INFOPLIST_KEY_NSLocationAlwaysUsageDescription = "We would like to use your location in order to provide map services";
				INFOPLIST_KEY_UIApplicationSceneManifest_Generation = YES;
				INFOPLIST_KEY_UIApplicationSupportsIndirectInputEvents = YES;
				INFOPLIST_KEY_UILaunchScreen_Generation = YES;
				INFOPLIST_KEY_UISupportedInterfaceOrientations_iPad = "UIInterfaceOrientationPortrait UIInterfaceOrientationPortraitUpsideDown UIInterfaceOrientationLandscapeLeft UIInterfaceOrientationLandscapeRight";
				INFOPLIST_KEY_UISupportedInterfaceOrientations_iPhone = "UIInterfaceOrientationPortrait UIInterfaceOrientationLandscapeLeft UIInterfaceOrientationLandscapeRight";
				IPHONEOS_DEPLOYMENT_TARGET = 17.0;
				LD_RUNPATH_SEARCH_PATHS = (
					"$(inherited)",
					"@executable_path/Frameworks",
				);
				MARKETING_VERSION = 1.0;
				PRODUCT_BUNDLE_IDENTIFIER = andersonscat.appta;
				PRODUCT_NAME = "$(TARGET_NAME)";
				SWIFT_EMIT_LOC_STRINGS = YES;
				SWIFT_VERSION = 5.0;
				TARGETED_DEVICE_FAMILY = "1,2";
			};
			name = Release;
		};
		BE1656542A93AFC2003CBE8C /* Debug */ = {
			isa = XCBuildConfiguration;
			buildSettings = {
				ALWAYS_EMBED_SWIFT_STANDARD_LIBRARIES = YES;
				BUNDLE_LOADER = "$(TEST_HOST)";
				CODE_SIGN_STYLE = Automatic;
				CURRENT_PROJECT_VERSION = 1;
				GENERATE_INFOPLIST_FILE = YES;
				IPHONEOS_DEPLOYMENT_TARGET = 16.4;
				MARKETING_VERSION = 1.0;
				PRODUCT_BUNDLE_IDENTIFIER = legato.apptaTests;
				PRODUCT_NAME = "$(TARGET_NAME)";
				SWIFT_EMIT_LOC_STRINGS = NO;
				SWIFT_VERSION = 5.0;
				TARGETED_DEVICE_FAMILY = "1,2";
				TEST_HOST = "$(BUILT_PRODUCTS_DIR)/appta.app/$(BUNDLE_EXECUTABLE_FOLDER_PATH)/appta";
			};
			name = Debug;
		};
		BE1656552A93AFC2003CBE8C /* Release */ = {
			isa = XCBuildConfiguration;
			buildSettings = {
				ALWAYS_EMBED_SWIFT_STANDARD_LIBRARIES = YES;
				BUNDLE_LOADER = "$(TEST_HOST)";
				CODE_SIGN_STYLE = Automatic;
				CURRENT_PROJECT_VERSION = 1;
				GENERATE_INFOPLIST_FILE = YES;
				IPHONEOS_DEPLOYMENT_TARGET = 16.4;
				MARKETING_VERSION = 1.0;
				PRODUCT_BUNDLE_IDENTIFIER = legato.apptaTests;
				PRODUCT_NAME = "$(TARGET_NAME)";
				SWIFT_EMIT_LOC_STRINGS = NO;
				SWIFT_VERSION = 5.0;
				TARGETED_DEVICE_FAMILY = "1,2";
				TEST_HOST = "$(BUILT_PRODUCTS_DIR)/appta.app/$(BUNDLE_EXECUTABLE_FOLDER_PATH)/appta";
			};
			name = Release;
		};
		BE1656572A93AFC2003CBE8C /* Debug */ = {
			isa = XCBuildConfiguration;
			buildSettings = {
				ALWAYS_EMBED_SWIFT_STANDARD_LIBRARIES = YES;
				CODE_SIGN_STYLE = Automatic;
				CURRENT_PROJECT_VERSION = 1;
				GENERATE_INFOPLIST_FILE = YES;
				MARKETING_VERSION = 1.0;
				PRODUCT_BUNDLE_IDENTIFIER = legato.apptaUITests;
				PRODUCT_NAME = "$(TARGET_NAME)";
				SWIFT_EMIT_LOC_STRINGS = NO;
				SWIFT_VERSION = 5.0;
				TARGETED_DEVICE_FAMILY = "1,2";
				TEST_TARGET_NAME = appta;
			};
			name = Debug;
		};
		BE1656582A93AFC2003CBE8C /* Release */ = {
			isa = XCBuildConfiguration;
			buildSettings = {
				ALWAYS_EMBED_SWIFT_STANDARD_LIBRARIES = YES;
				CODE_SIGN_STYLE = Automatic;
				CURRENT_PROJECT_VERSION = 1;
				GENERATE_INFOPLIST_FILE = YES;
				MARKETING_VERSION = 1.0;
				PRODUCT_BUNDLE_IDENTIFIER = legato.apptaUITests;
				PRODUCT_NAME = "$(TARGET_NAME)";
				SWIFT_EMIT_LOC_STRINGS = NO;
				SWIFT_VERSION = 5.0;
				TARGETED_DEVICE_FAMILY = "1,2";
				TEST_TARGET_NAME = appta;
			};
			name = Release;
		};
/* End XCBuildConfiguration section */

/* Begin XCConfigurationList section */
		BE1656272A93AFC1003CBE8C /* Build configuration list for PBXProject "appta" */ = {
			isa = XCConfigurationList;
			buildConfigurations = (
				BE16564E2A93AFC2003CBE8C /* Debug */,
				BE16564F2A93AFC2003CBE8C /* Release */,
			);
			defaultConfigurationIsVisible = 0;
			defaultConfigurationName = Release;
		};
		BE1656502A93AFC2003CBE8C /* Build configuration list for PBXNativeTarget "appta" */ = {
			isa = XCConfigurationList;
			buildConfigurations = (
				BE1656512A93AFC2003CBE8C /* Debug */,
				BE1656522A93AFC2003CBE8C /* Release */,
			);
			defaultConfigurationIsVisible = 0;
			defaultConfigurationName = Release;
		};
		BE1656532A93AFC2003CBE8C /* Build configuration list for PBXNativeTarget "apptaTests" */ = {
			isa = XCConfigurationList;
			buildConfigurations = (
				BE1656542A93AFC2003CBE8C /* Debug */,
				BE1656552A93AFC2003CBE8C /* Release */,
			);
			defaultConfigurationIsVisible = 0;
			defaultConfigurationName = Release;
		};
		BE1656562A93AFC2003CBE8C /* Build configuration list for PBXNativeTarget "apptaUITests" */ = {
			isa = XCConfigurationList;
			buildConfigurations = (
				BE1656572A93AFC2003CBE8C /* Debug */,
				BE1656582A93AFC2003CBE8C /* Release */,
			);
			defaultConfigurationIsVisible = 0;
			defaultConfigurationName = Release;
		};
/* End XCConfigurationList section */

/* Begin XCRemoteSwiftPackageReference section */
		BEF004172A963546008CEAAD /* XCRemoteSwiftPackageReference "CodeScanner" */ = {
			isa = XCRemoteSwiftPackageReference;
			repositoryURL = "https://github.com/twostraws/CodeScanner";
			requirement = {
				kind = upToNextMajorVersion;
				minimumVersion = 2.0.0;
			};
		};
/* End XCRemoteSwiftPackageReference section */

/* Begin XCSwiftPackageProductDependency section */
		BEF004182A963547008CEAAD /* CodeScanner */ = {
			isa = XCSwiftPackageProductDependency;
			package = BEF004172A963546008CEAAD /* XCRemoteSwiftPackageReference "CodeScanner" */;
			productName = CodeScanner;
		};
/* End XCSwiftPackageProductDependency section */
	};
	rootObject = BE1656242A93AFC1003CBE8C /* Project object */;
}
